{
	"_OFProjectGeneratorVersion": "0.102.0",
	"archiveVersion": "1",
	"classes": {},
	"objectVersion": "54",
	"objects": {
		"0538235D-40AE-43CF-AA37-AC36824E1AED": {
			"fileEncoding": "4",
			"isa": "PBXFileReference",
			"lastKnownFileType": "sourcecode.cpp.objcpp",
			"name": "SyphonNameboundClient.m",
			"sourceTree": "<group>"
		},
		"0A8A5571-47B3-496F-804D-FBB9E1C06946": {
			"children": [
				"ED8DE68A-897E-4DB7-BE60-87FE1D1A5EA5",
				"58DA3185-028E-4E9F-AE8F-6623B2B5DEF9",
				"7AF163FA-1216-49AE-814E-A4C23C0A7D49",
				"DCC80220-8868-4F21-B8C7-1F7E12F62929",
				"F7AD1EC6-E051-4F35-8C2C-C969B9029548",
				"95CEE572-6D4C-4B5D-B3A8-DE4AACEC355F",
				"98349EC1-75CD-45E2-BF83-2EAE77AE2EDC",
				"52BC7686-05E4-44D9-A0E4-904DC8A79B51",
				"FA71A4F0-5B76-424A-89F5-D788236220E5"
			],
			"isa": "PBXGroup",
			"name": "src",
			"path": "src",
			"sourceTree": "<group>"
		},
		"10855FB3-A1E4-4007-AFEA-6A542E23BD0F": {
			"fileRef": "FA71A4F0-5B76-424A-89F5-D788236220E5",
			"isa": "PBXBuildFile"
		},
		"179FDCEC-814C-40FF-B3B1-9C32E5B3D88D": {
			"children": [
				"4E1A24F9-30CA-493D-B9E9-97BC92FB97A1"
			],
			"isa": "PBXGroup",
			"name": "libs",
			"path": "libs",
			"sourceTree": "<group>"
		},
		"191CD6FA2847E21E0085CBB6": {
			"fileEncoding": "4",
			"isa": "PBXFileReference",
			"lastKnownFileType": "text.plist.entitlements",
			"path": "of.entitlements",
			"sourceTree": "<group>"
		},
		"191EF70929D778A400F35F26": {
			"isa": "PBXFileReference",
			"lastKnownFileType": "folder",
			"name": "openFrameworks",
			"path": "../../../libs/openFrameworks",
			"sourceTree": "SOURCE_ROOT"
		},
		"19B789C429E5AB4A0082E9B8": {
			"alwaysOutOfDate": "1",
			"buildActionMask": "2147483647",
			"files": [],
			"inputFileListPaths": [],
			"inputPaths": [],
			"isa": "PBXShellScriptBuildPhase",
			"outputFileListPaths": [],
			"outputPaths": [],
			"runOnlyForDeploymentPostprocessing": "0",
			"shellPath": "/bin/sh",
			"shellScript": "\"$OF_PATH/scripts/osx/xcode_project.sh\"\n",
			"showEnvVarsInLog": "0"
		},
		"2D289DE7-B54D-4A3C-A458-1DDFCF6D9FFB": {
			"fileEncoding": "4",
			"isa": "PBXFileReference",
			"lastKnownFileType": "sourcecode.cpp.h",
			"name": "SyphonNameboundClient.h",
			"sourceTree": "<group>"
		},
		"4E1A24F9-30CA-493D-B9E9-97BC92FB97A1": {
			"children": [
				"79C8AF82-1F76-420C-B5DD-358074400393",
				"6B1F1E33-69C1-4397-8ADE-72AE0A61BB3A"
			],
			"isa": "PBXGroup",
			"name": "Syphon",
			"path": "Syphon",
			"sourceTree": "<group>"
		},
		"52BC7686-05E4-44D9-A0E4-904DC8A79B51": {
			"fileEncoding": "4",
			"isa": "PBXFileReference",
			"lastKnownFileType": "sourcecode.cpp.h",
			"name": "ofxSyphonServerDirectory.h",
			"sourceTree": "<group>"
		},
		"57B6E5ED-E229-437E-90E9-7A77ADB204A5": {
			"children": [
				"179FDCEC-814C-40FF-B3B1-9C32E5B3D88D",
				"0A8A5571-47B3-496F-804D-FBB9E1C06946"
			],
			"isa": "PBXGroup",
			"name": "ofxSyphon",
			"path": "ofxSyphon",
			"sourceTree": "<group>"
		},
		"58DA3185-028E-4E9F-AE8F-6623B2B5DEF9": {
			"fileEncoding": "4",
			"isa": "PBXFileReference",
			"lastKnownFileType": "sourcecode.cpp.h",
			"name": "ofxSyphonClient.h",
			"sourceTree": "<group>"
		},
		"6B1F1E33-69C1-4397-8ADE-72AE0A61BB3A": {
			"children": [
				"987776C3-57FC-4FDE-8193-BBD5CFD8CED8"
			],
			"isa": "PBXGroup",
			"name": "lib",
			"path": "lib",
			"sourceTree": "<group>"
		},
		"71A516FA-E016-4188-8015-62903C7F709F": {
			"fileRef": "0538235D-40AE-43CF-AA37-AC36824E1AED",
			"isa": "PBXBuildFile"
		},
		"79C8AF82-1F76-420C-B5DD-358074400393": {
			"children": [
				"2D289DE7-B54D-4A3C-A458-1DDFCF6D9FFB",
				"0538235D-40AE-43CF-AA37-AC36824E1AED"
			],
			"isa": "PBXGroup",
			"name": "src",
			"path": "src",
			"sourceTree": "<group>"
		},
		"7AF163FA-1216-49AE-814E-A4C23C0A7D49": {
			"fileEncoding": "4",
			"isa": "PBXFileReference",
			"lastKnownFileType": "sourcecode.cpp.objcpp",
			"name": "ofxSyphonClient.mm",
			"sourceTree": "<group>"
		},
		"84BEDAE0-D416-42D4-AFD5-46DE4AD5C571": {
			"fileRef": "7AF163FA-1216-49AE-814E-A4C23C0A7D49",
			"isa": "PBXBuildFile"
		},
		"95CEE572-6D4C-4B5D-B3A8-DE4AACEC355F": {
			"fileEncoding": "4",
			"isa": "PBXFileReference",
			"lastKnownFileType": "sourcecode.cpp.h",
			"name": "ofxSyphonServer.h",
			"sourceTree": "<group>"
		},
		"98349EC1-75CD-45E2-BF83-2EAE77AE2EDC": {
			"fileEncoding": "4",
			"isa": "PBXFileReference",
			"lastKnownFileType": "sourcecode.cpp.objcpp",
			"name": "ofxSyphonServer.mm",
			"sourceTree": "<group>"
		},
		"987776C3-57FC-4FDE-8193-BBD5CFD8CED8": {
			"children": [
				"E534ADDA-EF6F-476B-B3BD-1A1E34044433"
			],
			"isa": "PBXGroup",
			"name": "osx",
			"path": "osx",
			"sourceTree": "<group>"
		},
		"BB4B014C10F69532006C3DED": {
			"children": [
				"57B6E5ED-E229-437E-90E9-7A77ADB204A5"
			],
			"isa": "PBXGroup",
			"name": "addons",
			"path": "../../../addons",
			"sourceTree": "SOURCE_ROOT"
		},
		"BDDD43F5-A829-40A9-9211-4C6649BCBF75": {
			"fileRef": "F7AD1EC6-E051-4F35-8C2C-C969B9029548",
			"isa": "PBXBuildFile"
		},
		"C7917969-9FE3-419B-A830-FFEDCBB0F1F2": {
			"fileRef": "E534ADDA-EF6F-476B-B3BD-1A1E34044433",
			"isa": "PBXBuildFile",
			"settings": {
				"ATTRIBUTES": [
					"CodeSignOnCopy"
				]
			}
		},
		"CB0F06A1-5C51-4E08-AAB7-2E6B9BCE50CC": {
			"fileRef": "98349EC1-75CD-45E2-BF83-2EAE77AE2EDC",
			"isa": "PBXBuildFile"
		},
		"D8D715CF-3018-483A-8A07-527CD81EB1B7": {
			"fileRef": "E534ADDA-EF6F-476B-B3BD-1A1E34044433",
			"isa": "PBXBuildFile"
		},
		"DCC80220-8868-4F21-B8C7-1F7E12F62929": {
			"fileEncoding": "4",
			"isa": "PBXFileReference",
			"lastKnownFileType": "sourcecode.cpp.h",
			"name": "ofxSyphonNSObject.hpp",
			"sourceTree": "<group>"
		},
		"E42962A92163ECCD00A6A9E2": {
			"alwaysOutOfDate": "1",
			"buildActionMask": "2147483647",
			"files": [],
			"inputPaths": [],
			"isa": "PBXShellScriptBuildPhase",
			"name": "Run Script — Compile OF",
			"outputPaths": [],
			"runOnlyForDeploymentPostprocessing": "0",
			"shellPath": "/bin/sh",
			"shellScript": "$OF_CORE_BUILD_COMMAND\n",
			"showEnvVarsInLog": "0"
		},
		"E4A5B60F29BAAAE400C2D356": {
			"buildActionMask": "2147483647",
			"dstPath": "",
			"dstSubfolderSpec": "6",
			"files": [],
			"isa": "PBXCopyFilesBuildPhase",
			"runOnlyForDeploymentPostprocessing": "0"
		},
		"E4B69B4A0A3A1720003C02F2": {
			"children": [
				"191CD6FA2847E21E0085CBB6",
				"E4B6FCAD0C3E899E008CF71C",
				"E4EB6923138AFD0F00A09F29",
				"E4B69E1C0A3A1BDC003C02F2",
				"191EF70929D778A400F35F26",
				"BB4B014C10F69532006C3DED",
				"E4B69B5B0A3A1756003C02F2",
				"E6C62C4E-50B8-4131-ABE2-ED8347199F72"
			],
			"isa": "PBXGroup",
			"sourceTree": "<group>"
		},
		"E4B69B4C0A3A1720003C02F2": {
			"attributes": {
				"BuildIndependentTargetsInParallel": "YES",
				"LastUpgradeCheck": "1540"
			},
			"buildConfigurationList": "E4B69B4D0A3A1720003C02F2",
			"compatibilityVersion": "Xcode 3.2",
			"developmentRegion": "en",
			"hasScannedForEncodings": "0",
			"isa": "PBXProject",
			"knownRegions": [
				"en",
				"Base"
			],
			"mainGroup": "E4B69B4A0A3A1720003C02F2",
			"productRefGroup": "E4B69B4A0A3A1720003C02F2",
			"projectDirPath": "",
			"projectRoot": "",
			"targets": [
				"E4B69B5A0A3A1756003C02F2"
			]
		},
		"E4B69B4D0A3A1720003C02F2": {
			"buildConfigurations": [
				"E4B69B4E0A3A1720003C02F2",
				"E4B69B4F0A3A1720003C02F2"
			],
			"defaultConfigurationIsVisible": "0",
			"defaultConfigurationName": "Release",
			"isa": "XCConfigurationList"
		},
		"E4B69B4E0A3A1720003C02F2": {
			"baseConfigurationReference": "E4EB6923138AFD0F00A09F29",
			"buildSettings": {
				"CODE_SIGN_ENTITLEMENTS": "of.entitlements",
				"COPY_PHASE_STRIP": "NO",
				"ENABLE_TESTABILITY": "YES",
				"GCC_OPTIMIZATION_LEVEL": "0",
				"GCC_WARN_UNUSED_VARIABLE": "NO",
				"HEADER_SEARCH_PATHS": [
					"$(OF_CORE_HEADERS)",
					"src"
				],
				"OTHER_CPLUSPLUSFLAGS": "-D__MACOSX_CORE__"
			},
			"isa": "XCBuildConfiguration",
			"name": "Debug"
		},
		"E4B69B4F0A3A1720003C02F2": {
			"baseConfigurationReference": "E4EB6923138AFD0F00A09F29",
			"buildSettings": {
				"CODE_SIGN_ENTITLEMENTS": "of.entitlements",
				"COPY_PHASE_STRIP": "YES",
				"GCC_OPTIMIZATION_LEVEL": "3",
				"GCC_UNROLL_LOOPS": "YES",
				"HEADER_SEARCH_PATHS": [
					"$(OF_CORE_HEADERS)",
					"src"
				],
				"OTHER_CPLUSPLUSFLAGS": "-D__MACOSX_CORE__"
			},
			"isa": "XCBuildConfiguration",
			"name": "Release"
		},
		"E4B69B580A3A1756003C02F2": {
			"buildActionMask": "2147483647",
			"files": [
				"E4B69E200A3A1BDC003C02F2",
				"E4B69E210A3A1BDC003C02F2",
				"71A516FA-E016-4188-8015-62903C7F709F",
				"84BEDAE0-D416-42D4-AFD5-46DE4AD5C571",
				"BDDD43F5-A829-40A9-9211-4C6649BCBF75",
				"CB0F06A1-5C51-4E08-AAB7-2E6B9BCE50CC",
				"10855FB3-A1E4-4007-AFEA-6A542E23BD0F"
			],
			"isa": "PBXSourcesBuildPhase",
			"runOnlyForDeploymentPostprocessing": "0"
		},
		"E4B69B590A3A1756003C02F2": {
			"buildActionMask": "2147483647",
			"files": [
				"D8D715CF-3018-483A-8A07-527CD81EB1B7"
			],
			"isa": "PBXFrameworksBuildPhase",
			"runOnlyForDeploymentPostprocessing": "0"
		},
		"E4B69B5A0A3A1756003C02F2": {
			"buildConfigurationList": "E4B69B5F0A3A1757003C02F2",
			"buildPhases": [
				"E42962A92163ECCD00A6A9E2",
				"E4B69B580A3A1756003C02F2",
				"E4B69B590A3A1756003C02F2",
				"E4C2427710CC5ABF004149E2",
				"E4A5B60F29BAAAE400C2D356",
				"19B789C429E5AB4A0082E9B8"
			],
			"buildRules": [],
			"dependencies": [],
			"isa": "PBXNativeTarget",
			"name": "example-ServerDirectory",
			"productName": "myOFApp",
			"productReference": "E4B69B5B0A3A1756003C02F2",
			"productType": "com.apple.product-type.application"
		},
		"E4B69B5B0A3A1756003C02F2": {
			"explicitFileType": "wrapper.application",
			"includeInIndex": "0",
			"isa": "PBXFileReference",
			"path": "example-ServerDirectoryDebug.app",
			"sourceTree": "BUILT_PRODUCTS_DIR"
		},
		"E4B69B5F0A3A1757003C02F2": {
			"buildConfigurations": [
				"E4B69B600A3A1757003C02F2",
				"E4B69B610A3A1757003C02F2"
			],
			"defaultConfigurationIsVisible": "0",
			"defaultConfigurationName": "Release",
			"isa": "XCConfigurationList"
		},
		"E4B69B600A3A1757003C02F2": {
			"baseConfigurationReference": "E4EB6923138AFD0F00A09F29",
			"buildSettings": {
				"ARCHS": "$(ARCHS_STANDARD)",
				"COPY_PHASE_STRIP": "NO",
				"FRAMEWORK_SEARCH_PATHS": [
					"$(inherited)",
					"../libs/Syphon/lib/osx"
				],
				"GCC_DYNAMIC_NO_PIC": "NO",
				"HEADER_SEARCH_PATHS": [
					"$(OF_CORE_HEADERS)",
					"src",
					"src",
					"../libs",
					"../libs/Syphon",
					"../libs/Syphon/lib",
					"../libs/Syphon/lib/osx",
					"../libs/Syphon/lib/osx/Syphon.framework",
					"../libs/Syphon/lib/osx/Syphon.framework/Versions",
					"../libs/Syphon/lib/osx/Syphon.framework/Versions/A",
					"../libs/Syphon/lib/osx/Syphon.framework/Versions/A",
					"../libs/Syphon/lib/osx/Syphon.framework/Versions/A/Headers",
					"../libs/Syphon/lib/osx/Syphon.framework/Versions/A/Headers",
					"../libs/Syphon/lib/osx/Syphon.framework/Versions/A/Headers",
					"../libs/Syphon/lib/osx/Syphon.framework/Versions/A/Modules",
					"../libs/Syphon/lib/osx/Syphon.framework/Versions/A/Modules",
					"../libs/Syphon/lib/osx/Syphon.framework/Versions/A/Modules",
					"../libs/Syphon/lib/osx/Syphon.framework/Versions/A/Resources",
					"../libs/Syphon/lib/osx/Syphon.framework/Versions/A/Resources",
					"../libs/Syphon/lib/osx/Syphon.framework/Versions/A/Resources",
					"../libs/Syphon/lib/osx/Syphon.framework/Versions/A/Resources/en.lproj",
					"../libs/Syphon/lib/osx/Syphon.framework/Versions/A/Resources/en.lproj",
					"../libs/Syphon/lib/osx/Syphon.framework/Versions/A/Resources/en.lproj",
					"../libs/Syphon/lib/osx/Syphon.framework/Versions/A/_CodeSignature",
					"../libs/Syphon/lib/osx/Syphon.framework/Versions/A/_CodeSignature",
					"../libs/Syphon/src",
					"../src"
				],
				"LIBRARY_SEARCH_PATHS": "$(inherited)",
				"OTHER_CFLAGS": [
					"-F../../../addons/ofxSyphon/libs/Syphon/lib/osx/"
				],
				"OTHER_LDFLAGS": [
					"$(OF_CORE_LIBS)",
					"$(OF_CORE_FRAMEWORKS)",
					"$(LIB_OF_DEBUG)",
					"-F../../../addons/ofxSyphon/libs/Syphon/lib/osx/",
					"-framework",
					"Syphon"
				]
			},
			"isa": "XCBuildConfiguration",
			"name": "Debug"
		},
		"E4B69B610A3A1757003C02F2": {
			"baseConfigurationReference": "E4EB6923138AFD0F00A09F29",
			"buildSettings": {
				"ARCHS": "$(ARCHS_STANDARD)",
				"COPY_PHASE_STRIP": "YES",
				"FRAMEWORK_SEARCH_PATHS": [
					"$(inherited)",
					"../libs/Syphon/lib/osx"
				],
				"HEADER_SEARCH_PATHS": [
					"$(OF_CORE_HEADERS)",
					"src",
					"src",
					"../libs",
					"../libs/Syphon",
					"../libs/Syphon/lib",
					"../libs/Syphon/lib/osx",
					"../libs/Syphon/lib/osx/Syphon.framework",
					"../libs/Syphon/lib/osx/Syphon.framework/Versions",
					"../libs/Syphon/lib/osx/Syphon.framework/Versions/A",
					"../libs/Syphon/lib/osx/Syphon.framework/Versions/A",
					"../libs/Syphon/lib/osx/Syphon.framework/Versions/A/Headers",
					"../libs/Syphon/lib/osx/Syphon.framework/Versions/A/Headers",
					"../libs/Syphon/lib/osx/Syphon.framework/Versions/A/Headers",
					"../libs/Syphon/lib/osx/Syphon.framework/Versions/A/Modules",
					"../libs/Syphon/lib/osx/Syphon.framework/Versions/A/Modules",
					"../libs/Syphon/lib/osx/Syphon.framework/Versions/A/Modules",
					"../libs/Syphon/lib/osx/Syphon.framework/Versions/A/Resources",
					"../libs/Syphon/lib/osx/Syphon.framework/Versions/A/Resources",
					"../libs/Syphon/lib/osx/Syphon.framework/Versions/A/Resources",
					"../libs/Syphon/lib/osx/Syphon.framework/Versions/A/Resources/en.lproj",
					"../libs/Syphon/lib/osx/Syphon.framework/Versions/A/Resources/en.lproj",
					"../libs/Syphon/lib/osx/Syphon.framework/Versions/A/Resources/en.lproj",
					"../libs/Syphon/lib/osx/Syphon.framework/Versions/A/_CodeSignature",
					"../libs/Syphon/lib/osx/Syphon.framework/Versions/A/_CodeSignature",
					"../libs/Syphon/src",
					"../src"
				],
				"LIBRARY_SEARCH_PATHS": "$(inherited)",
				"OTHER_CFLAGS": [
					"-F../../../addons/ofxSyphon/libs/Syphon/lib/osx/"
				],
				"OTHER_LDFLAGS": [
					"$(OF_CORE_LIBS)",
					"$(OF_CORE_FRAMEWORKS)",
					"$(LIB_OF_RELEASE)",
					"-F../../../addons/ofxSyphon/libs/Syphon/lib/osx/",
					"-framework",
					"Syphon"
				],
				"baseConfigurationReference": "E4EB6923138AFD0F00A09F29"
			},
			"isa": "XCBuildConfiguration",
			"name": "Release"
		},
		"E4B69E1C0A3A1BDC003C02F2": {
			"children": [
				"E4B69E1D0A3A1BDC003C02F2",
				"E4B69E1E0A3A1BDC003C02F2",
				"E4B69E1F0A3A1BDC003C02F2"
			],
			"isa": "PBXGroup",
			"path": "src",
			"sourceTree": "SOURCE_ROOT"
		},
		"E4B69E1D0A3A1BDC003C02F2": {
			"fileEncoding": "4",
			"isa": "PBXFileReference",
			"lastKnownFileType": "sourcecode.cpp.cpp",
			"name": "main.cpp",
			"path": "src/main.cpp",
			"sourceTree": "SOURCE_ROOT"
		},
		"E4B69E1E0A3A1BDC003C02F2": {
			"explicitFileType": "sourcecode.cpp.cpp",
			"fileEncoding": "4",
			"isa": "PBXFileReference",
			"name": "ofApp.cpp",
			"path": "src/ofApp.cpp",
			"sourceTree": "SOURCE_ROOT"
		},
		"E4B69E1F0A3A1BDC003C02F2": {
			"fileEncoding": "4",
			"isa": "PBXFileReference",
			"lastKnownFileType": "sourcecode.c.h",
			"name": "ofApp.h",
			"path": "src/ofApp.h",
			"sourceTree": "SOURCE_ROOT"
		},
		"E4B69E200A3A1BDC003C02F2": {
			"fileRef": "E4B69E1D0A3A1BDC003C02F2",
			"isa": "PBXBuildFile"
		},
		"E4B69E210A3A1BDC003C02F2": {
			"fileRef": "E4B69E1E0A3A1BDC003C02F2",
			"isa": "PBXBuildFile"
		},
		"E4B6FCAD0C3E899E008CF71C": {
			"fileEncoding": "4",
			"isa": "PBXFileReference",
			"lastKnownFileType": "text.plist.xml",
			"path": "openFrameworks-Info.plist",
			"sourceTree": "<group>"
		},
		"E4C2427710CC5ABF004149E2": {
			"buildActionMask": "2147483647",
			"dstPath": "",
			"dstSubfolderSpec": "10",
			"files": [
				"C7917969-9FE3-419B-A830-FFEDCBB0F1F2"
			],
			"isa": "PBXCopyFilesBuildPhase",
			"runOnlyForDeploymentPostprocessing": "0"
		},
		"E4EB6923138AFD0F00A09F29": {
			"fileEncoding": "4",
			"isa": "PBXFileReference",
			"lastKnownFileType": "text.xcconfig",
			"path": "Project.xcconfig",
			"sourceTree": "<group>"
		},
		"E534ADDA-EF6F-476B-B3BD-1A1E34044433": {
			"fileEncoding": "4",
			"isa": "PBXFileReference",
			"lastKnownFileType": "wrapper.framework",
			"name": "Syphon.framework",
			"sourceTree": "<group>"
		},
		"E6C62C4E-50B8-4131-ABE2-ED8347199F72": {
			"fileEncoding": "4",
			"isa": "PBXFileReference",
			"lastKnownFileType": "folder",
			"name": "data",
			"path": "bin/data",
			"sourceTree": "SOURCE_ROOT"
		},
		"ED8DE68A-897E-4DB7-BE60-87FE1D1A5EA5": {
			"fileEncoding": "4",
			"isa": "PBXFileReference",
			"lastKnownFileType": "sourcecode.cpp.h",
			"name": "ofxSyphon.h",
			"sourceTree": "<group>"
		},
		"F7AD1EC6-E051-4F35-8C2C-C969B9029548": {
			"fileEncoding": "4",
			"isa": "PBXFileReference",
			"lastKnownFileType": "sourcecode.cpp.objcpp",
			"name": "ofxSyphonNSObject.mm",
			"sourceTree": "<group>"
		},
		"FA71A4F0-5B76-424A-89F5-D788236220E5": {
			"fileEncoding": "4",
			"isa": "PBXFileReference",
			"lastKnownFileType": "sourcecode.cpp.objcpp",
			"name": "ofxSyphonServerDirectory.mm",
			"sourceTree": "<group>"
		}
	},
	"rootObject": "E4B69B4C0A3A1720003C02F2"
}