{
	"archiveVersion": "1",
	"classes": {},
	"objectVersion": "54",
	"objects": {
		"0506106A-7232-4C8A-A4BA-19917B099A02": {
			"fileRef": "3342B5F0-F822-487D-B62B-E3635300FA1A",
			"isa": "PBXBuildFile",
			"settings": {
				"ATTRIBUTES": [
					"CodeSignOnCopy"
				]
			}
		},
		"06E9BA99-6CEA-4E92-A83D-6CE35501572C": {
			"fileRef": "B4699C65-B827-482B-8737-7AA5F3C17929",
			"isa": "PBXBuildFile"
		},
		"070D7001-FA2C-4601-A436-AB7AB3594F4C": {
			"fileRef": "37DEF392-F380-42A1-AE8D-7181C054859F",
			"isa": "PBXBuildFile"
		},
		"0DF92A21-8D13-40BB-8A81-C84A3CE66BC0": {
			"fileRef": "748B4F07-57AB-4D94-972B-9034C7C44EEA",
			"isa": "PBXBuildFile"
		},
		"0F640613-AD2E-477C-BB80-28016E431B1C": {
			"explicitFileType": "sourcecode.c.h",
			"fileEncoding": "4",
			"isa": "PBXFileReference",
			"name": "SyphonNameboundClient.h",
			"path": "../../../addons/ofxSyphon/libs/Syphon/src/SyphonNameboundClient.h",
			"sourceTree": "SOURCE_ROOT"
		},
		"13B074EF-ED87-4805-9751-1906ED559493": {
			"children": [
				"BE9623DB-87BC-4165-860E-1CAC0DBE6DAE"
			],
			"isa": "PBXGroup",
			"name": "lib",
			"sourceTree": "SOURCE_ROOT"
		},
		"191CD6FA2847E21E0085CBB6": {
			"fileEncoding": "4",
			"isa": "PBXFileReference",
			"lastKnownFileType": "text.plist.entitlements",
			"path": "of.entitlements",
			"sourceTree": "<group>"
		},
		"191EF70929D778A400F35F26": {
			"isa": "PBXFileReference",
			"lastKnownFileType": "folder",
			"name": "openFrameworks",
			"path": "../../../libs/openFrameworks",
			"sourceTree": "SOURCE_ROOT"
		},
		"19B789C429E5AB4A0082E9B8": {
			"buildActionMask": "2147483647",
			"files": [],
			"inputFileListPaths": [],
			"inputPaths": [],
			"isa": "PBXShellScriptBuildPhase",
			"outputFileListPaths": [],
			"outputPaths": [],
			"runOnlyForDeploymentPostprocessing": "0",
			"shellPath": "/bin/sh",
			"shellScript": "\"$OF_PATH/scripts/osx/xcode_project.sh\"\n",
			"showEnvVarsInLog": "0"
		},
		"1F36D5A5-D51C-49EC-9FD6-C31511332B64": {
			"children": [
				"9F23C42E-6628-4CFE-95C6-138FE868B812",
				"DF4EEA65-EB9E-437B-905D-4E40D59D3954"
			],
			"isa": "PBXGroup",
			"name": "ofxSyphon",
			"path": "../../../addons/ofxSyphon",
			"sourceTree": "SOURCE_ROOT"
		},
		"21D1E75E-CF91-4271-8B6D-665BB3A745EF": {
			"children": [
				"0F640613-AD2E-477C-BB80-28016E431B1C",
				"DFAC3F40-0896-460E-8F34-4B3C873E73B9"
			],
			"isa": "PBXGroup",
			"name": "src",
			"path": "../../../addons/ofxSyphon/libs/Syphon/src",
			"sourceTree": "SOURCE_ROOT"
		},
		"2A1050FA-A44D-4995-8B45-2109FCC72A2C": {
			"explicitFileType": "sourcecode.cpp.objcpp",
			"fileEncoding": "4",
			"isa": "PBXFileReference",
			"name": "ofxSyphonServer.mm",
			"path": "../../../addons/ofxSyphon/src/ofxSyphonServer.mm",
			"sourceTree": "SOURCE_ROOT"
		},
		"3342B5F0-F822-487D-B62B-E3635300FA1A": {
			"isa": "PBXFileReference",
			"lastKnownFileType": "wrapper.framework",
			"name": "Syphon.framework",
			"path": "../../../addons/ofxSyphon/libs/Syphon/lib/osx/Syphon.framework",
			"sourceTree": "SOURCE_ROOT"
		},
		"37DEF392-F380-42A1-AE8D-7181C054859F": {
			"explicitFileType": "sourcecode.cpp.objcpp",
			"fileEncoding": "4",
			"isa": "PBXFileReference",
			"name": "ofxSyphonServerDirectory.mm",
			"path": "../../../addons/ofxSyphon/src/ofxSyphonServerDirectory.mm",
			"sourceTree": "SOURCE_ROOT"
		},
		"3DFF5493-F69A-4FCD-8CC0-8E4CD1D2A334": {
			"fileRef": "DFAC3F40-0896-460E-8F34-4B3C873E73B9",
			"isa": "PBXBuildFile"
		},
		"533C058E-4078-417B-AA55-4060CFD1A52E": {
			"children": [
				"21D1E75E-CF91-4271-8B6D-665BB3A745EF",
				"13B074EF-ED87-4805-9751-1906ED559493"
			],
			"isa": "PBXGroup",
			"name": "Syphon",
			"path": "../../../addons/ofxSyphon/libs/Syphon",
			"sourceTree": "SOURCE_ROOT"
		},
		"6A54AD25-8D1A-4D32-9AF2-EFB4EC3772E6": {
			"fileRef": "3342B5F0-F822-487D-B62B-E3635300FA1A",
			"isa": "PBXBuildFile"
		},
		"748B4F07-57AB-4D94-972B-9034C7C44EEA": {
			"explicitFileType": "sourcecode.cpp.objcpp",
			"fileEncoding": "4",
			"isa": "PBXFileReference",
			"name": "ofxSyphonClient.mm",
			"path": "../../../addons/ofxSyphon/src/ofxSyphonClient.mm",
			"sourceTree": "SOURCE_ROOT"
		},
		"9157835E-0F08-4B49-A040-6794DD71DE52": {
			"fileRef": "3342B5F0-F822-487D-B62B-E3635300FA1A",
			"isa": "PBXBuildFile",
			"settings": {
				"ATTRIBUTES": [
					"CodeSignOnCopy"
				]
			}
		},
		"99D44FF5-8F22-4A97-A3EC-2FE7A7B82957": {
			"explicitFileType": "sourcecode.c.h",
			"fileEncoding": "4",
			"isa": "PBXFileReference",
			"name": "ofxSyphonServerDirectory.h",
			"path": "../../../addons/ofxSyphon/src/ofxSyphonServerDirectory.h",
			"sourceTree": "SOURCE_ROOT"
		},
		"9F23C42E-6628-4CFE-95C6-138FE868B812": {
			"children": [
				"533C058E-4078-417B-AA55-4060CFD1A52E"
			],
			"isa": "PBXGroup",
			"name": "libs",
			"path": "../../../addons/ofxSyphon/libs",
			"sourceTree": "SOURCE_ROOT"
		},
		"A19A94A4-0B0E-4D2A-B057-D12470AA41F0": {
			"fileRef": "2A1050FA-A44D-4995-8B45-2109FCC72A2C",
			"isa": "PBXBuildFile"
		},
		"A932E772-F43E-4535-9E00-03401A235F42": {
			"explicitFileType": "sourcecode.c.h",
			"fileEncoding": "4",
			"isa": "PBXFileReference",
			"name": "ofxSyphonClient.h",
			"path": "../../../addons/ofxSyphon/src/ofxSyphonClient.h",
			"sourceTree": "SOURCE_ROOT"
		},
		"B4699C65-B827-482B-8737-7AA5F3C17929": {
			"explicitFileType": "sourcecode.cpp.objcpp",
			"fileEncoding": "4",
			"isa": "PBXFileReference",
			"name": "ofxSyphonNSObject.mm",
			"path": "../../../addons/ofxSyphon/src/ofxSyphonNSObject.mm",
			"sourceTree": "SOURCE_ROOT"
		},
		"B9B63187-D06D-41C4-A1B9-8009A80F630D": {
			"explicitFileType": "sourcecode.c.h",
			"fileEncoding": "4",
			"isa": "PBXFileReference",
			"name": "ofxSyphonNSObject.hpp",
			"path": "../../../addons/ofxSyphon/src/ofxSyphonNSObject.hpp",
			"sourceTree": "SOURCE_ROOT"
		},
		"BA213474-63C0-470F-B1AB-F142406F0DB1": {
			"explicitFileType": "sourcecode.c.h",
			"fileEncoding": "4",
			"isa": "PBXFileReference",
			"name": "ofxSyphonServer.h",
			"path": "../../../addons/ofxSyphon/src/ofxSyphonServer.h",
			"sourceTree": "SOURCE_ROOT"
		},
		"BB4B014C10F69532006C3DED": {
			"children": [
				"1F36D5A5-D51C-49EC-9FD6-C31511332B64"
			],
			"isa": "PBXGroup",
			"name": "addons",
			"path": "../../../addons",
			"sourceTree": "<group>"
		},
		"BE9623DB-87BC-4165-860E-1CAC0DBE6DAE": {
			"children": [
				"3342B5F0-F822-487D-B62B-E3635300FA1A"
			],
			"isa": "PBXGroup",
			"name": "osx",
			"sourceTree": "SOURCE_ROOT"
		},
		"D69A3D8D-01BA-4903-9A1D-54013781197B": {
			"explicitFileType": "sourcecode.c.h",
			"fileEncoding": "4",
			"isa": "PBXFileReference",
			"name": "ofxSyphon.h",
			"path": "../../../addons/ofxSyphon/src/ofxSyphon.h",
			"sourceTree": "SOURCE_ROOT"
		},
		"DF4EEA65-EB9E-437B-905D-4E40D59D3954": {
			"children": [
				"D69A3D8D-01BA-4903-9A1D-54013781197B",
				"A932E772-F43E-4535-9E00-03401A235F42",
				"748B4F07-57AB-4D94-972B-9034C7C44EEA",
				"B9B63187-D06D-41C4-A1B9-8009A80F630D",
				"B4699C65-B827-482B-8737-7AA5F3C17929",
				"BA213474-63C0-470F-B1AB-F142406F0DB1",
				"2A1050FA-A44D-4995-8B45-2109FCC72A2C",
				"99D44FF5-8F22-4A97-A3EC-2FE7A7B82957",
				"37DEF392-F380-42A1-AE8D-7181C054859F"
			],
			"isa": "PBXGroup",
			"name": "src",
			"path": "../../../addons/ofxSyphon/src",
			"sourceTree": "SOURCE_ROOT"
		},
		"DFAC3F40-0896-460E-8F34-4B3C873E73B9": {
			"explicitFileType": "sourcecode.cpp.objcpp",
			"fileEncoding": "4",
			"isa": "PBXFileReference",
			"name": "SyphonNameboundClient.m",
			"path": "../../../addons/ofxSyphon/libs/Syphon/src/SyphonNameboundClient.m",
			"sourceTree": "SOURCE_ROOT"
		},
		"E42962A92163ECCD00A6A9E2": {
			"alwaysOutOfDate": "1",
			"buildActionMask": "2147483647",
			"files": [],
			"inputPaths": [],
			"isa": "PBXShellScriptBuildPhase",
			"name": "Run Script — Compile OF",
			"outputPaths": [],
			"runOnlyForDeploymentPostprocessing": "0",
			"shellPath": "/bin/sh",
			"shellScript": "echo \"💾 Compiling Openframeworks\"\nxcodebuild -project \"$OF_PATH/libs/openFrameworksCompiled/project/osx/openFrameworksLib.xcodeproj\" -target openFrameworks -configuration \"${CONFIGURATION}\"  CLANG_CXX_LANGUAGE_STANDARD=$CLANG_CXX_LANGUAGE_STANDARD MACOSX_DEPLOYMENT_TARGET=$MACOSX_DEPLOYMENT_TARGET GCC_PREPROCESSOR_DEFINITIONS=$USER_PREPROCESSOR_DEFINITIONS\n",
			"showEnvVarsInLog": "0"
		},
		"E4A5B60F29BAAAE400C2D356": {
			"buildActionMask": "2147483647",
			"dstPath": "",
			"dstSubfolderSpec": "6",
			"files": [],
			"isa": "PBXCopyFilesBuildPhase",
			"runOnlyForDeploymentPostprocessing": "0"
		},
		"E4B69B4A0A3A1720003C02F2": {
			"children": [
				"191CD6FA2847E21E0085CBB6",
				"E4B6FCAD0C3E899E008CF71C",
				"E4EB6923138AFD0F00A09F29",
				"E4B69E1C0A3A1BDC003C02F2",
				"191EF70929D778A400F35F26",
				"BB4B014C10F69532006C3DED",
				"E4B69B5B0A3A1756003C02F2"
			],
			"isa": "PBXGroup",
			"sourceTree": "<group>"
		},
		"E4B69B4C0A3A1720003C02F2": {
			"attributes": {
				"LastUpgradeCheck": "0600"
			},
			"buildConfigurationList": "E4B69B4D0A3A1720003C02F2",
			"compatibilityVersion": "Xcode 3.2",
			"developmentRegion": "en",
			"hasScannedForEncodings": "0",
			"isa": "PBXProject",
			"knownRegions": [
				"en",
				"Base"
			],
			"mainGroup": "E4B69B4A0A3A1720003C02F2",
			"productRefGroup": "E4B69B4A0A3A1720003C02F2",
			"projectDirPath": "",
			"projectRoot": "",
			"targets": [
				"E4B69B5A0A3A1756003C02F2"
			]
		},
		"E4B69B4D0A3A1720003C02F2": {
			"buildConfigurations": [
				"E4B69B4E0A3A1720003C02F2",
				"E4B69B4F0A3A1720003C02F2"
			],
			"defaultConfigurationIsVisible": "0",
			"defaultConfigurationName": "Release",
			"isa": "XCConfigurationList"
		},
		"E4B69B4E0A3A1720003C02F2": {
			"baseConfigurationReference": "E4EB6923138AFD0F00A09F29",
			"buildSettings": {
				"CODE_SIGN_ENTITLEMENTS": "of.entitlements",
				"COPY_PHASE_STRIP": "NO",
				"ENABLE_TESTABILITY": "YES",
				"GCC_OPTIMIZATION_LEVEL": "0",
				"GCC_WARN_UNUSED_VARIABLE": "NO",
				"HEADER_SEARCH_PATHS": [
					"$(OF_CORE_HEADERS)",
					"src"
				],
				"OTHER_CPLUSPLUSFLAGS": "-D__MACOSX_CORE__"
			},
			"isa": "XCBuildConfiguration",
			"name": "Debug"
		},
		"E4B69B4F0A3A1720003C02F2": {
			"baseConfigurationReference": "E4EB6923138AFD0F00A09F29",
			"buildSettings": {
				"CODE_SIGN_ENTITLEMENTS": "of.entitlements",
				"COPY_PHASE_STRIP": "YES",
				"GCC_OPTIMIZATION_LEVEL": "3",
				"GCC_UNROLL_LOOPS": "YES",
				"HEADER_SEARCH_PATHS": [
					"$(OF_CORE_HEADERS)",
					"src"
				],
				"OTHER_CPLUSPLUSFLAGS": "-D__MACOSX_CORE__"
			},
			"isa": "XCBuildConfiguration",
			"name": "Release"
		},
		"E4B69B580A3A1756003C02F2": {
			"buildActionMask": "2147483647",
			"files": [
				"E4B69E200A3A1BDC003C02F2",
				"E4B69E210A3A1BDC003C02F2",
				"3DFF5493-F69A-4FCD-8CC0-8E4CD1D2A334",
				"0DF92A21-8D13-40BB-8A81-C84A3CE66BC0",
				"06E9BA99-6CEA-4E92-A83D-6CE35501572C",
				"A19A94A4-0B0E-4D2A-B057-D12470AA41F0",
				"070D7001-FA2C-4601-A436-AB7AB3594F4C"
			],
			"isa": "PBXSourcesBuildPhase",
			"runOnlyForDeploymentPostprocessing": "0"
		},
		"E4B69B590A3A1756003C02F2": {
			"buildActionMask": "2147483647",
			"files": [
				"6A54AD25-8D1A-4D32-9AF2-EFB4EC3772E6"
			],
			"isa": "PBXFrameworksBuildPhase",
			"runOnlyForDeploymentPostprocessing": "0"
		},
		"E4B69B5A0A3A1756003C02F2": {
			"buildConfigurationList": "E4B69B5F0A3A1757003C02F2",
			"buildPhases": [
				"E42962A92163ECCD00A6A9E2",
				"E4B69B580A3A1756003C02F2",
				"E4B69B590A3A1756003C02F2",
				"E4C2427710CC5ABF004149E2",
				"E4A5B60F29BAAAE400C2D356",
				"19B789C429E5AB4A0082E9B8"
			],
			"buildRules": [],
			"dependencies": [],
			"isa": "PBXNativeTarget",
			"name": "example-ServerDirectory",
			"productName": "myOFApp",
			"productReference": "E4B69B5B0A3A1756003C02F2",
			"productType": "com.apple.product-type.application"
		},
		"E4B69B5B0A3A1756003C02F2": {
			"explicitFileType": "wrapper.application",
			"includeInIndex": "0",
			"isa": "PBXFileReference",
			"path": "example-ServerDirectoryDebug.app",
			"sourceTree": "BUILT_PRODUCTS_DIR"
		},
		"E4B69B5F0A3A1757003C02F2": {
			"buildConfigurations": [
				"E4B69B600A3A1757003C02F2",
				"E4B69B610A3A1757003C02F2"
			],
			"defaultConfigurationIsVisible": "0",
			"defaultConfigurationName": "Release",
			"isa": "XCConfigurationList"
		},
		"E4B69B600A3A1757003C02F2": {
			"baseConfigurationReference": "E4EB6923138AFD0F00A09F29",
			"buildSettings": {
				"ARCHS": "$(ARCHS_STANDARD)",
				"COPY_PHASE_STRIP": "NO",
				"FRAMEWORK_SEARCH_PATHS": [
					"$(inherited)",
					"../../../addons/ofxSyphon/libs/Syphon/lib/osx"
				],
				"GCC_DYNAMIC_NO_PIC": "NO",
				"HEADER_SEARCH_PATHS": [
					"$(OF_CORE_HEADERS)",
					"src",
					"src",
					"../../../addons/ofxSyphon/libs",
					"../../../addons/ofxSyphon/libs/Syphon",
					"../../../addons/ofxSyphon/libs/Syphon/lib",
					"../../../addons/ofxSyphon/libs/Syphon/lib/osx",
					"../../../addons/ofxSyphon/libs/Syphon/src",
					"../../../addons/ofxSyphon/src"
				],
				"LIBRARY_SEARCH_PATHS": "$(inherited)",
				"OTHER_CFLAGS": [
					"-F../../../addons/ofxSyphon/libs/Syphon/lib/osx/"
				],
				"OTHER_LDFLAGS": [
					"$(OF_CORE_LIBS)",
					"$(OF_CORE_FRAMEWORKS)",
					"$(LIB_OF_DEBUG)",
					"-F../../../addons/ofxSyphon/libs/Syphon/lib/osx/",
					"-framework",
					"Syphon"
				]
			},
			"isa": "XCBuildConfiguration",
			"name": "Debug"
		},
		"E4B69B610A3A1757003C02F2": {
			"baseConfigurationReference": "E4EB6923138AFD0F00A09F29",
			"buildSettings": {
				"ARCHS": "$(ARCHS_STANDARD)",
				"COPY_PHASE_STRIP": "YES",
				"FRAMEWORK_SEARCH_PATHS": [
					"$(inherited)",
					"../../../addons/ofxSyphon/libs/Syphon/lib/osx"
				],
				"HEADER_SEARCH_PATHS": [
					"$(OF_CORE_HEADERS)",
					"src",
					"src",
					"../../../addons/ofxSyphon/libs",
					"../../../addons/ofxSyphon/libs/Syphon",
					"../../../addons/ofxSyphon/libs/Syphon/lib",
					"../../../addons/ofxSyphon/libs/Syphon/lib/osx",
					"../../../addons/ofxSyphon/libs/Syphon/src",
					"../../../addons/ofxSyphon/src"
				],
				"LIBRARY_SEARCH_PATHS": "$(inherited)",
				"OTHER_CFLAGS": [
					"-F../../../addons/ofxSyphon/libs/Syphon/lib/osx/"
				],
				"OTHER_LDFLAGS": [
					"$(OF_CORE_LIBS)",
					"$(OF_CORE_FRAMEWORKS)",
					"$(LIB_OF)",
					"-F../../../addons/ofxSyphon/libs/Syphon/lib/osx/",
					"-framework",
					"Syphon"
				],
				"baseConfigurationReference": "E4EB6923138AFD0F00A09F29"
			},
			"isa": "XCBuildConfiguration",
			"name": "Release"
		},
		"E4B69E1C0A3A1BDC003C02F2": {
			"children": [
				"E4B69E1D0A3A1BDC003C02F2",
				"E4B69E1E0A3A1BDC003C02F2",
				"E4B69E1F0A3A1BDC003C02F2"
			],
			"isa": "PBXGroup",
			"path": "src",
			"sourceTree": "SOURCE_ROOT"
		},
		"E4B69E1D0A3A1BDC003C02F2": {
			"fileEncoding": "4",
			"isa": "PBXFileReference",
			"lastKnownFileType": "sourcecode.cpp.cpp",
			"name": "main.cpp",
			"path": "src/main.cpp",
			"sourceTree": "SOURCE_ROOT"
		},
		"E4B69E1E0A3A1BDC003C02F2": {
			"explicitFileType": "sourcecode.cpp.cpp",
			"fileEncoding": "4",
			"isa": "PBXFileReference",
			"name": "ofApp.cpp",
			"path": "src/ofApp.cpp",
			"sourceTree": "SOURCE_ROOT"
		},
		"E4B69E1F0A3A1BDC003C02F2": {
			"fileEncoding": "4",
			"isa": "PBXFileReference",
			"lastKnownFileType": "sourcecode.c.h",
			"name": "ofApp.h",
			"path": "src/ofApp.h",
			"sourceTree": "SOURCE_ROOT"
		},
		"E4B69E200A3A1BDC003C02F2": {
			"fileRef": "E4B69E1D0A3A1BDC003C02F2",
			"isa": "PBXBuildFile"
		},
		"E4B69E210A3A1BDC003C02F2": {
			"fileRef": "E4B69E1E0A3A1BDC003C02F2",
			"isa": "PBXBuildFile"
		},
		"E4B6FCAD0C3E899E008CF71C": {
			"fileEncoding": "4",
			"isa": "PBXFileReference",
			"lastKnownFileType": "text.plist.xml",
			"path": "openFrameworks-Info.plist",
			"sourceTree": "<group>"
		},
		"E4C2427710CC5ABF004149E2": {
			"buildActionMask": "2147483647",
			"dstPath": "",
			"dstSubfolderSpec": "10",
			"files": [
				"9157835E-0F08-4B49-A040-6794DD71DE52"
			],
			"isa": "PBXCopyFilesBuildPhase",
			"runOnlyForDeploymentPostprocessing": "0"
		},
		"E4EB6923138AFD0F00A09F29": {
			"fileEncoding": "4",
			"isa": "PBXFileReference",
			"lastKnownFileType": "text.xcconfig",
			"path": "Project.xcconfig",
			"sourceTree": "<group>"
		}
	},
	"openFrameworksProjectGeneratorVersion": "21",
	"rootObject": "E4B69B4C0A3A1720003C02F2"
}