{
	"_OFProjectGeneratorVersion": "0.102.0",
	"archiveVersion": "1",
	"classes": {},
	"objectVersion": "54",
	"objects": {
		"04CDD217-96F4-44B8-BF97-264086037072": {
			"fileRef": "6E77002C-8CCF-47AC-988E-FD5E8ADCBEB1",
			"isa": "PBXBuildFile"
		},
		"1469265B-C9E7-4F36-85C7-747D323212E5": {
			"fileEncoding": "4",
			"isa": "PBXFileReference",
			"lastKnownFileType": "sourcecode.cpp.objcpp",
			"name": "ofxSyphonServerDirectory.mm",
			"sourceTree": "<group>"
		},
		"184C9EE7-C2BC-400C-8812-3440C088EB8A": {
			"fileEncoding": "4",
			"isa": "PBXFileReference",
			"lastKnownFileType": "sourcecode.cpp.objcpp",
			"name": "ofxSyphonServer.mm",
			"sourceTree": "<group>"
		},
		"191CD6FA2847E21E0085CBB6": {
			"fileEncoding": "4",
			"isa": "PBXFileReference",
			"lastKnownFileType": "text.plist.entitlements",
			"path": "of.entitlements",
			"sourceTree": "<group>"
		},
		"191EF70929D778A400F35F26": {
			"isa": "PBXFileReference",
			"lastKnownFileType": "folder",
			"name": "openFrameworks",
			"path": "../../../libs/openFrameworks",
			"sourceTree": "SOURCE_ROOT"
		},
		"19B789C429E5AB4A0082E9B8": {
			"alwaysOutOfDate": "1",
			"buildActionMask": "2147483647",
			"files": [],
			"inputFileListPaths": [],
			"inputPaths": [],
			"isa": "PBXShellScriptBuildPhase",
			"outputFileListPaths": [],
			"outputPaths": [],
			"runOnlyForDeploymentPostprocessing": "0",
			"shellPath": "/bin/sh",
			"shellScript": "\"$OF_PATH/scripts/osx/xcode_project.sh\"\n",
			"showEnvVarsInLog": "0"
		},
		"278D065D-E649-4C5A-BE08-A043B3F7148F": {
			"children": [
				"AA215FB6-4784-4D2E-989C-9442AEA26D19"
			],
			"isa": "PBXGroup",
			"name": "osx",
			"path": "osx",
			"sourceTree": "<group>"
		},
		"36DBB0E2-CC1C-4636-9DD8-5977AEB4A526": {
			"fileEncoding": "4",
			"isa": "PBXFileReference",
			"lastKnownFileType": "sourcecode.cpp.objcpp",
			"name": "SyphonNameboundClient.m",
			"sourceTree": "<group>"
		},
		"3951E7CB-706C-4133-B7AC-B6479F7CC20E": {
			"fileEncoding": "4",
			"isa": "PBXFileReference",
			"lastKnownFileType": "sourcecode.cpp.h",
			"name": "ofxSyphonNSObject.hpp",
			"sourceTree": "<group>"
		},
		"3AED39AD-DE13-430E-BE3F-E7616CE8BC68": {
			"fileRef": "1469265B-C9E7-4F36-85C7-747D323212E5",
			"isa": "PBXBuildFile"
		},
		"4A12DC0E-0DED-44F0-8F8C-B23236C61FC3": {
			"children": [
				"B79BFB31-6189-4A58-A5BF-F04335A65CC0",
				"56B3D704-BACD-449B-8247-965B32AAA380"
			],
			"isa": "PBXGroup",
			"name": "Syphon",
			"path": "Syphon",
			"sourceTree": "<group>"
		},
		"4CA9CB05-F4C2-4323-A949-A06DBEE09664": {
			"fileRef": "184C9EE7-C2BC-400C-8812-3440C088EB8A",
			"isa": "PBXBuildFile"
		},
		"56B3D704-BACD-449B-8247-965B32AAA380": {
			"children": [
				"278D065D-E649-4C5A-BE08-A043B3F7148F"
			],
			"isa": "PBXGroup",
			"name": "lib",
			"path": "lib",
			"sourceTree": "<group>"
		},
		"5DB9D56D-AFCB-4876-88B8-DC4C274A37BC": {
			"children": [
				"B4F92D5A-1F0F-40B6-9EE9-31149CB59C42",
				"66AA8C66-47DA-46BA-8F65-B84AA59F3AE7"
			],
			"isa": "PBXGroup",
			"name": "ofxSyphon",
			"path": "ofxSyphon",
			"sourceTree": "<group>"
		},
		"5E7322FC-240F-472B-8F37-F424BD412861": {
			"fileEncoding": "4",
			"isa": "PBXFileReference",
			"lastKnownFileType": "sourcecode.cpp.objcpp",
			"name": "ofxSyphonClient.mm",
			"sourceTree": "<group>"
		},
		"66AA8C66-47DA-46BA-8F65-B84AA59F3AE7": {
			"children": [
				"F18C1B2B-11BE-426C-9AD9-21556DA9B912",
				"679A9545-3C20-496E-B44A-68E0E1E9E318",
				"5E7322FC-240F-472B-8F37-F424BD412861",
				"3951E7CB-706C-4133-B7AC-B6479F7CC20E",
				"6E77002C-8CCF-47AC-988E-FD5E8ADCBEB1",
				"C524D609-AD3F-438F-AFA5-91483D789172",
				"184C9EE7-C2BC-400C-8812-3440C088EB8A",
				"9CA52640-2539-43F3-8C79-FBA53429138E",
				"1469265B-C9E7-4F36-85C7-747D323212E5"
			],
			"isa": "PBXGroup",
			"name": "src",
			"path": "src",
			"sourceTree": "<group>"
		},
		"679A9545-3C20-496E-B44A-68E0E1E9E318": {
			"fileEncoding": "4",
			"isa": "PBXFileReference",
			"lastKnownFileType": "sourcecode.cpp.h",
			"name": "ofxSyphonClient.h",
			"sourceTree": "<group>"
		},
		"6C2C4AE3-45DE-4867-8534-7456A1A3E530": {
			"fileRef": "AA215FB6-4784-4D2E-989C-9442AEA26D19",
			"isa": "PBXBuildFile"
		},
		"6E77002C-8CCF-47AC-988E-FD5E8ADCBEB1": {
			"fileEncoding": "4",
			"isa": "PBXFileReference",
			"lastKnownFileType": "sourcecode.cpp.objcpp",
			"name": "ofxSyphonNSObject.mm",
			"sourceTree": "<group>"
		},
		"6E848057-DACE-417A-88AC-A45A9607631B": {
			"fileRef": "36DBB0E2-CC1C-4636-9DD8-5977AEB4A526",
			"isa": "PBXBuildFile"
		},
		"791E094F-5CDD-4A00-ADA3-F19A4760744D": {
			"fileRef": "AA215FB6-4784-4D2E-989C-9442AEA26D19",
			"isa": "PBXBuildFile",
			"settings": {
				"ATTRIBUTES": [
					"CodeSignOnCopy"
				]
			}
		},
		"880E68FF-3E47-421F-AE23-FE3B45A51A95": {
			"fileRef": "5E7322FC-240F-472B-8F37-F424BD412861",
			"isa": "PBXBuildFile"
		},
		"9CA52640-2539-43F3-8C79-FBA53429138E": {
			"fileEncoding": "4",
			"isa": "PBXFileReference",
			"lastKnownFileType": "sourcecode.cpp.h",
			"name": "ofxSyphonServerDirectory.h",
			"sourceTree": "<group>"
		},
		"A5DE88CD-EBAC-4EE0-BDAD-0DBD11AC8A50": {
			"fileEncoding": "4",
			"isa": "PBXFileReference",
			"lastKnownFileType": "folder",
			"name": "data",
			"path": "bin/data",
			"sourceTree": "SOURCE_ROOT"
		},
		"AA215FB6-4784-4D2E-989C-9442AEA26D19": {
			"fileEncoding": "4",
			"isa": "PBXFileReference",
			"lastKnownFileType": "wrapper.framework",
			"name": "Syphon.framework",
			"sourceTree": "<group>"
		},
		"B4F92D5A-1F0F-40B6-9EE9-31149CB59C42": {
			"children": [
				"4A12DC0E-0DED-44F0-8F8C-B23236C61FC3"
			],
			"isa": "PBXGroup",
			"name": "libs",
			"path": "libs",
			"sourceTree": "<group>"
		},
		"B79BFB31-6189-4A58-A5BF-F04335A65CC0": {
			"children": [
				"D099AB03-1473-4ED1-8DDF-6805EB71C0AA",
				"36DBB0E2-CC1C-4636-9DD8-5977AEB4A526"
			],
			"isa": "PBXGroup",
			"name": "src",
			"path": "src",
			"sourceTree": "<group>"
		},
		"BB4B014C10F69532006C3DED": {
			"children": [
				"5DB9D56D-AFCB-4876-88B8-DC4C274A37BC"
			],
			"isa": "PBXGroup",
			"name": "addons",
			"path": "../../../addons",
			"sourceTree": "SOURCE_ROOT"
		},
		"C524D609-AD3F-438F-AFA5-91483D789172": {
			"fileEncoding": "4",
			"isa": "PBXFileReference",
			"lastKnownFileType": "sourcecode.cpp.h",
			"name": "ofxSyphonServer.h",
			"sourceTree": "<group>"
		},
		"D099AB03-1473-4ED1-8DDF-6805EB71C0AA": {
			"fileEncoding": "4",
			"isa": "PBXFileReference",
			"lastKnownFileType": "sourcecode.cpp.h",
			"name": "SyphonNameboundClient.h",
			"sourceTree": "<group>"
		},
		"E42962A92163ECCD00A6A9E2": {
			"alwaysOutOfDate": "1",
			"buildActionMask": "2147483647",
			"files": [],
			"inputPaths": [],
			"isa": "PBXShellScriptBuildPhase",
			"name": "Run Script — Compile OF",
			"outputPaths": [],
			"runOnlyForDeploymentPostprocessing": "0",
			"shellPath": "/bin/sh",
			"shellScript": "$OF_CORE_BUILD_COMMAND\n",
			"showEnvVarsInLog": "0"
		},
		"E4A5B60F29BAAAE400C2D356": {
			"buildActionMask": "2147483647",
			"dstPath": "",
			"dstSubfolderSpec": "6",
			"files": [],
			"isa": "PBXCopyFilesBuildPhase",
			"runOnlyForDeploymentPostprocessing": "0"
		},
		"E4B69B4A0A3A1720003C02F2": {
			"children": [
				"191CD6FA2847E21E0085CBB6",
				"E4B6FCAD0C3E899E008CF71C",
				"E4EB6923138AFD0F00A09F29",
				"E4B69E1C0A3A1BDC003C02F2",
				"191EF70929D778A400F35F26",
				"BB4B014C10F69532006C3DED",
				"E4B69B5B0A3A1756003C02F2",
				"A5DE88CD-EBAC-4EE0-BDAD-0DBD11AC8A50"
			],
			"isa": "PBXGroup",
			"sourceTree": "<group>"
		},
		"E4B69B4C0A3A1720003C02F2": {
			"attributes": {
				"BuildIndependentTargetsInParallel": "YES",
				"LastUpgradeCheck": "1540"
			},
			"buildConfigurationList": "E4B69B4D0A3A1720003C02F2",
			"compatibilityVersion": "Xcode 3.2",
			"developmentRegion": "en",
			"hasScannedForEncodings": "0",
			"isa": "PBXProject",
			"knownRegions": [
				"en",
				"Base"
			],
			"mainGroup": "E4B69B4A0A3A1720003C02F2",
			"productRefGroup": "E4B69B4A0A3A1720003C02F2",
			"projectDirPath": "",
			"projectRoot": "",
			"targets": [
				"E4B69B5A0A3A1756003C02F2"
			]
		},
		"E4B69B4D0A3A1720003C02F2": {
			"buildConfigurations": [
				"E4B69B4E0A3A1720003C02F2",
				"E4B69B4F0A3A1720003C02F2"
			],
			"defaultConfigurationIsVisible": "0",
			"defaultConfigurationName": "Release",
			"isa": "XCConfigurationList"
		},
		"E4B69B4E0A3A1720003C02F2": {
			"baseConfigurationReference": "E4EB6923138AFD0F00A09F29",
			"buildSettings": {
				"CODE_SIGN_ENTITLEMENTS": "of.entitlements",
				"COPY_PHASE_STRIP": "NO",
				"ENABLE_TESTABILITY": "YES",
				"GCC_OPTIMIZATION_LEVEL": "0",
				"GCC_WARN_UNUSED_VARIABLE": "NO",
				"HEADER_SEARCH_PATHS": [
					"$(OF_CORE_HEADERS)",
					"src"
				],
				"OTHER_CPLUSPLUSFLAGS": "-D__MACOSX_CORE__"
			},
			"isa": "XCBuildConfiguration",
			"name": "Debug"
		},
		"E4B69B4F0A3A1720003C02F2": {
			"baseConfigurationReference": "E4EB6923138AFD0F00A09F29",
			"buildSettings": {
				"CODE_SIGN_ENTITLEMENTS": "of.entitlements",
				"COPY_PHASE_STRIP": "YES",
				"GCC_OPTIMIZATION_LEVEL": "3",
				"GCC_UNROLL_LOOPS": "YES",
				"HEADER_SEARCH_PATHS": [
					"$(OF_CORE_HEADERS)",
					"src"
				],
				"OTHER_CPLUSPLUSFLAGS": "-D__MACOSX_CORE__"
			},
			"isa": "XCBuildConfiguration",
			"name": "Release"
		},
		"E4B69B580A3A1756003C02F2": {
			"buildActionMask": "2147483647",
			"files": [
				"E4B69E200A3A1BDC003C02F2",
				"E4B69E210A3A1BDC003C02F2",
				"6E848057-DACE-417A-88AC-A45A9607631B",
				"880E68FF-3E47-421F-AE23-FE3B45A51A95",
				"04CDD217-96F4-44B8-BF97-264086037072",
				"4CA9CB05-F4C2-4323-A949-A06DBEE09664",
				"3AED39AD-DE13-430E-BE3F-E7616CE8BC68"
			],
			"isa": "PBXSourcesBuildPhase",
			"runOnlyForDeploymentPostprocessing": "0"
		},
		"E4B69B590A3A1756003C02F2": {
			"buildActionMask": "2147483647",
			"files": [
				"6C2C4AE3-45DE-4867-8534-7456A1A3E530"
			],
			"isa": "PBXFrameworksBuildPhase",
			"runOnlyForDeploymentPostprocessing": "0"
		},
		"E4B69B5A0A3A1756003C02F2": {
			"buildConfigurationList": "E4B69B5F0A3A1757003C02F2",
			"buildPhases": [
				"E42962A92163ECCD00A6A9E2",
				"E4B69B580A3A1756003C02F2",
				"E4B69B590A3A1756003C02F2",
				"E4C2427710CC5ABF004149E2",
				"E4A5B60F29BAAAE400C2D356",
				"19B789C429E5AB4A0082E9B8"
			],
			"buildRules": [],
			"dependencies": [],
			"isa": "PBXNativeTarget",
			"name": "example-Image",
			"productName": "myOFApp",
			"productReference": "E4B69B5B0A3A1756003C02F2",
			"productType": "com.apple.product-type.application"
		},
		"E4B69B5B0A3A1756003C02F2": {
			"explicitFileType": "wrapper.application",
			"includeInIndex": "0",
			"isa": "PBXFileReference",
			"path": "example-ImageDebug.app",
			"sourceTree": "BUILT_PRODUCTS_DIR"
		},
		"E4B69B5F0A3A1757003C02F2": {
			"buildConfigurations": [
				"E4B69B600A3A1757003C02F2",
				"E4B69B610A3A1757003C02F2"
			],
			"defaultConfigurationIsVisible": "0",
			"defaultConfigurationName": "Release",
			"isa": "XCConfigurationList"
		},
		"E4B69B600A3A1757003C02F2": {
			"baseConfigurationReference": "E4EB6923138AFD0F00A09F29",
			"buildSettings": {
				"ARCHS": "$(ARCHS_STANDARD)",
				"COPY_PHASE_STRIP": "NO",
				"FRAMEWORK_SEARCH_PATHS": [
					"$(inherited)",
					"../libs/Syphon/lib/osx"
				],
				"GCC_DYNAMIC_NO_PIC": "NO",
				"HEADER_SEARCH_PATHS": [
					"$(OF_CORE_HEADERS)",
					"src",
					"src",
					"../libs",
					"../libs/Syphon",
					"../libs/Syphon/lib",
					"../libs/Syphon/lib/osx",
					"../libs/Syphon/lib/osx/Syphon.framework",
					"../libs/Syphon/lib/osx/Syphon.framework/Versions",
					"../libs/Syphon/lib/osx/Syphon.framework/Versions/A",
					"../libs/Syphon/lib/osx/Syphon.framework/Versions/A",
					"../libs/Syphon/lib/osx/Syphon.framework/Versions/A/Headers",
					"../libs/Syphon/lib/osx/Syphon.framework/Versions/A/Headers",
					"../libs/Syphon/lib/osx/Syphon.framework/Versions/A/Headers",
					"../libs/Syphon/lib/osx/Syphon.framework/Versions/A/Modules",
					"../libs/Syphon/lib/osx/Syphon.framework/Versions/A/Modules",
					"../libs/Syphon/lib/osx/Syphon.framework/Versions/A/Modules",
					"../libs/Syphon/lib/osx/Syphon.framework/Versions/A/Resources",
					"../libs/Syphon/lib/osx/Syphon.framework/Versions/A/Resources",
					"../libs/Syphon/lib/osx/Syphon.framework/Versions/A/Resources",
					"../libs/Syphon/lib/osx/Syphon.framework/Versions/A/Resources/en.lproj",
					"../libs/Syphon/lib/osx/Syphon.framework/Versions/A/Resources/en.lproj",
					"../libs/Syphon/lib/osx/Syphon.framework/Versions/A/Resources/en.lproj",
					"../libs/Syphon/lib/osx/Syphon.framework/Versions/A/_CodeSignature",
					"../libs/Syphon/lib/osx/Syphon.framework/Versions/A/_CodeSignature",
					"../libs/Syphon/src",
					"../src"
				],
				"LIBRARY_SEARCH_PATHS": "$(inherited)",
				"OTHER_CFLAGS": [
					"-F../../../addons/ofxSyphon/libs/Syphon/lib/osx/"
				],
				"OTHER_LDFLAGS": [
					"$(OF_CORE_LIBS)",
					"$(OF_CORE_FRAMEWORKS)",
					"$(LIB_OF_DEBUG)",
					"-F../../../addons/ofxSyphon/libs/Syphon/lib/osx/",
					"-framework",
					"Syphon"
				]
			},
			"isa": "XCBuildConfiguration",
			"name": "Debug"
		},
		"E4B69B610A3A1757003C02F2": {
			"baseConfigurationReference": "E4EB6923138AFD0F00A09F29",
			"buildSettings": {
				"ARCHS": "$(ARCHS_STANDARD)",
				"COPY_PHASE_STRIP": "YES",
				"FRAMEWORK_SEARCH_PATHS": [
					"$(inherited)",
					"../libs/Syphon/lib/osx"
				],
				"HEADER_SEARCH_PATHS": [
					"$(OF_CORE_HEADERS)",
					"src",
					"src",
					"../libs",
					"../libs/Syphon",
					"../libs/Syphon/lib",
					"../libs/Syphon/lib/osx",
					"../libs/Syphon/lib/osx/Syphon.framework",
					"../libs/Syphon/lib/osx/Syphon.framework/Versions",
					"../libs/Syphon/lib/osx/Syphon.framework/Versions/A",
					"../libs/Syphon/lib/osx/Syphon.framework/Versions/A",
					"../libs/Syphon/lib/osx/Syphon.framework/Versions/A/Headers",
					"../libs/Syphon/lib/osx/Syphon.framework/Versions/A/Headers",
					"../libs/Syphon/lib/osx/Syphon.framework/Versions/A/Headers",
					"../libs/Syphon/lib/osx/Syphon.framework/Versions/A/Modules",
					"../libs/Syphon/lib/osx/Syphon.framework/Versions/A/Modules",
					"../libs/Syphon/lib/osx/Syphon.framework/Versions/A/Modules",
					"../libs/Syphon/lib/osx/Syphon.framework/Versions/A/Resources",
					"../libs/Syphon/lib/osx/Syphon.framework/Versions/A/Resources",
					"../libs/Syphon/lib/osx/Syphon.framework/Versions/A/Resources",
					"../libs/Syphon/lib/osx/Syphon.framework/Versions/A/Resources/en.lproj",
					"../libs/Syphon/lib/osx/Syphon.framework/Versions/A/Resources/en.lproj",
					"../libs/Syphon/lib/osx/Syphon.framework/Versions/A/Resources/en.lproj",
					"../libs/Syphon/lib/osx/Syphon.framework/Versions/A/_CodeSignature",
					"../libs/Syphon/lib/osx/Syphon.framework/Versions/A/_CodeSignature",
					"../libs/Syphon/src",
					"../src"
				],
				"LIBRARY_SEARCH_PATHS": "$(inherited)",
				"OTHER_CFLAGS": [
					"-F../../../addons/ofxSyphon/libs/Syphon/lib/osx/"
				],
				"OTHER_LDFLAGS": [
					"$(OF_CORE_LIBS)",
					"$(OF_CORE_FRAMEWORKS)",
					"$(LIB_OF_RELEASE)",
					"-F../../../addons/ofxSyphon/libs/Syphon/lib/osx/",
					"-framework",
					"Syphon"
				],
				"baseConfigurationReference": "E4EB6923138AFD0F00A09F29"
			},
			"isa": "XCBuildConfiguration",
			"name": "Release"
		},
		"E4B69E1C0A3A1BDC003C02F2": {
			"children": [
				"E4B69E1D0A3A1BDC003C02F2",
				"E4B69E1E0A3A1BDC003C02F2",
				"E4B69E1F0A3A1BDC003C02F2"
			],
			"isa": "PBXGroup",
			"path": "src",
			"sourceTree": "SOURCE_ROOT"
		},
		"E4B69E1D0A3A1BDC003C02F2": {
			"fileEncoding": "4",
			"isa": "PBXFileReference",
			"lastKnownFileType": "sourcecode.cpp.cpp",
			"name": "main.cpp",
			"path": "src/main.cpp",
			"sourceTree": "SOURCE_ROOT"
		},
		"E4B69E1E0A3A1BDC003C02F2": {
			"explicitFileType": "sourcecode.cpp.cpp",
			"fileEncoding": "4",
			"isa": "PBXFileReference",
			"name": "ofApp.cpp",
			"path": "src/ofApp.cpp",
			"sourceTree": "SOURCE_ROOT"
		},
		"E4B69E1F0A3A1BDC003C02F2": {
			"fileEncoding": "4",
			"isa": "PBXFileReference",
			"lastKnownFileType": "sourcecode.c.h",
			"name": "ofApp.h",
			"path": "src/ofApp.h",
			"sourceTree": "SOURCE_ROOT"
		},
		"E4B69E200A3A1BDC003C02F2": {
			"fileRef": "E4B69E1D0A3A1BDC003C02F2",
			"isa": "PBXBuildFile"
		},
		"E4B69E210A3A1BDC003C02F2": {
			"fileRef": "E4B69E1E0A3A1BDC003C02F2",
			"isa": "PBXBuildFile"
		},
		"E4B6FCAD0C3E899E008CF71C": {
			"fileEncoding": "4",
			"isa": "PBXFileReference",
			"lastKnownFileType": "text.plist.xml",
			"path": "openFrameworks-Info.plist",
			"sourceTree": "<group>"
		},
		"E4C2427710CC5ABF004149E2": {
			"buildActionMask": "2147483647",
			"dstPath": "",
			"dstSubfolderSpec": "10",
			"files": [
				"791E094F-5CDD-4A00-ADA3-F19A4760744D"
			],
			"isa": "PBXCopyFilesBuildPhase",
			"runOnlyForDeploymentPostprocessing": "0"
		},
		"E4EB6923138AFD0F00A09F29": {
			"fileEncoding": "4",
			"isa": "PBXFileReference",
			"lastKnownFileType": "text.xcconfig",
			"path": "Project.xcconfig",
			"sourceTree": "<group>"
		},
		"F18C1B2B-11BE-426C-9AD9-21556DA9B912": {
			"fileEncoding": "4",
			"isa": "PBXFileReference",
			"lastKnownFileType": "sourcecode.cpp.h",
			"name": "ofxSyphon.h",
			"sourceTree": "<group>"
		}
	},
	"rootObject": "E4B69B4C0A3A1720003C02F2"
}