{
	"_OFProjectGeneratorVersion": "0.102.0",
	"archiveVersion": "1",
	"classes": {},
	"objectVersion": "54",
	"objects": {
		"01AC3544-EAD0-47A2-94BC-94B454E358CB": {
			"fileEncoding": "4",
			"isa": "PBXFileReference",
			"lastKnownFileType": "sourcecode.cpp.h",
			"name": "ofxSyphonServerDirectory.h",
			"sourceTree": "<group>"
		},
		"085C98A8-81FC-4BAC-B9C2-90C0C21AC2AB": {
			"children": [
				"468D8428-5B4E-423F-AE24-E4DC5A8712C1",
				"5E116F91-1C16-452A-AA75-6BA6CB32D1D6",
				"D1D47D4E-47EB-4DB1-9A4F-ECE2C3199527",
				"BF7A557D-8ADE-4944-AA59-D85727121157",
				"EC15D3AB-1119-4FE6-BC5F-B0AC914C8995",
				"D8B2CF2C-8FE4-4C9F-AE98-A8A2452B9104",
				"7BBFD8C0-A95C-4E43-8B36-0FFFF345AAE7",
				"01AC3544-EAD0-47A2-94BC-94B454E358CB",
				"91ECC1BD-2158-4DEF-836B-DB23D9683FD4"
			],
			"isa": "PBXGroup",
			"name": "src",
			"path": "src",
			"sourceTree": "<group>"
		},
		"0C96E1C2-0703-4280-A43F-8F211DEEF815": {
			"fileRef": "33117633-AB73-4987-9C8F-C3B7AE80E2C9",
			"isa": "PBXBuildFile",
			"settings": {
				"ATTRIBUTES": [
					"CodeSignOnCopy"
				]
			}
		},
		"0F443E0B-FC8B-4476-921E-529A27A5D738": {
			"fileRef": "44FA29A5-3018-4FDF-9D83-A887F7B5BF52",
			"isa": "PBXBuildFile"
		},
		"1101E9A1-3C3E-4311-A348-F4EA287EC594": {
			"children": [
				"80C51558-FE7D-4A4D-A294-592D3EDF5CD6"
			],
			"isa": "PBXGroup",
			"name": "libs",
			"path": "libs",
			"sourceTree": "<group>"
		},
		"14ED898D-6B0F-4BDF-86DB-B92CBBDD88AA": {
			"fileRef": "33117633-AB73-4987-9C8F-C3B7AE80E2C9",
			"isa": "PBXBuildFile"
		},
		"191CD6FA2847E21E0085CBB6": {
			"fileEncoding": "4",
			"isa": "PBXFileReference",
			"lastKnownFileType": "text.plist.entitlements",
			"path": "of.entitlements",
			"sourceTree": "<group>"
		},
		"191EF70929D778A400F35F26": {
			"isa": "PBXFileReference",
			"lastKnownFileType": "folder",
			"name": "openFrameworks",
			"path": "../../../libs/openFrameworks",
			"sourceTree": "SOURCE_ROOT"
		},
		"19B789C429E5AB4A0082E9B8": {
			"alwaysOutOfDate": "1",
			"buildActionMask": "2147483647",
			"files": [],
			"inputFileListPaths": [],
			"inputPaths": [],
			"isa": "PBXShellScriptBuildPhase",
			"outputFileListPaths": [],
			"outputPaths": [],
			"runOnlyForDeploymentPostprocessing": "0",
			"shellPath": "/bin/sh",
			"shellScript": "\"$OF_PATH/scripts/osx/xcode_project.sh\"\n",
			"showEnvVarsInLog": "0"
		},
		"2BC5849C-D59E-4050-A320-28C17CD6FFE7": {
			"children": [
				"1101E9A1-3C3E-4311-A348-F4EA287EC594",
				"085C98A8-81FC-4BAC-B9C2-90C0C21AC2AB"
			],
			"isa": "PBXGroup",
			"name": "ofxSyphon",
			"path": "ofxSyphon",
			"sourceTree": "<group>"
		},
		"33117633-AB73-4987-9C8F-C3B7AE80E2C9": {
			"fileEncoding": "4",
			"isa": "PBXFileReference",
			"lastKnownFileType": "wrapper.framework",
			"name": "Syphon.framework",
			"sourceTree": "<group>"
		},
		"44FA29A5-3018-4FDF-9D83-A887F7B5BF52": {
			"fileEncoding": "4",
			"isa": "PBXFileReference",
			"lastKnownFileType": "sourcecode.cpp.objcpp",
			"name": "SyphonNameboundClient.m",
			"sourceTree": "<group>"
		},
		"468D8428-5B4E-423F-AE24-E4DC5A8712C1": {
			"fileEncoding": "4",
			"isa": "PBXFileReference",
			"lastKnownFileType": "sourcecode.cpp.h",
			"name": "ofxSyphon.h",
			"sourceTree": "<group>"
		},
		"4D12B222-8922-4390-9BD4-0D71E8837C4C": {
			"children": [
				"76791C8D-6998-49AE-A8C6-DEFDFE8AD164",
				"44FA29A5-3018-4FDF-9D83-A887F7B5BF52"
			],
			"isa": "PBXGroup",
			"name": "src",
			"path": "src",
			"sourceTree": "<group>"
		},
		"50F58567-2167-4069-B1FA-73EC3749DC32": {
			"children": [
				"33117633-AB73-4987-9C8F-C3B7AE80E2C9"
			],
			"isa": "PBXGroup",
			"name": "osx",
			"path": "osx",
			"sourceTree": "<group>"
		},
		"5E116F91-1C16-452A-AA75-6BA6CB32D1D6": {
			"fileEncoding": "4",
			"isa": "PBXFileReference",
			"lastKnownFileType": "sourcecode.cpp.h",
			"name": "ofxSyphonClient.h",
			"sourceTree": "<group>"
		},
		"76791C8D-6998-49AE-A8C6-DEFDFE8AD164": {
			"fileEncoding": "4",
			"isa": "PBXFileReference",
			"lastKnownFileType": "sourcecode.cpp.h",
			"name": "SyphonNameboundClient.h",
			"sourceTree": "<group>"
		},
		"7BBFD8C0-A95C-4E43-8B36-0FFFF345AAE7": {
			"fileEncoding": "4",
			"isa": "PBXFileReference",
			"lastKnownFileType": "sourcecode.cpp.objcpp",
			"name": "ofxSyphonServer.mm",
			"sourceTree": "<group>"
		},
		"80C51558-FE7D-4A4D-A294-592D3EDF5CD6": {
			"children": [
				"4D12B222-8922-4390-9BD4-0D71E8837C4C",
				"9CC7EDDB-C876-40C1-87A7-EE35652717B7"
			],
			"isa": "PBXGroup",
			"name": "Syphon",
			"path": "Syphon",
			"sourceTree": "<group>"
		},
		"91ECC1BD-2158-4DEF-836B-DB23D9683FD4": {
			"fileEncoding": "4",
			"isa": "PBXFileReference",
			"lastKnownFileType": "sourcecode.cpp.objcpp",
			"name": "ofxSyphonServerDirectory.mm",
			"sourceTree": "<group>"
		},
		"9CC7EDDB-C876-40C1-87A7-EE35652717B7": {
			"children": [
				"50F58567-2167-4069-B1FA-73EC3749DC32"
			],
			"isa": "PBXGroup",
			"name": "lib",
			"path": "lib",
			"sourceTree": "<group>"
		},
		"A2DA8133-C194-4596-8CB4-0578F4C4CB91": {
			"fileEncoding": "4",
			"isa": "PBXFileReference",
			"lastKnownFileType": "folder",
			"name": "data",
			"path": "bin/data",
			"sourceTree": "SOURCE_ROOT"
		},
		"ADBCAE94-3E68-43FF-BDC8-0A6B11AB8F3C": {
			"fileRef": "D1D47D4E-47EB-4DB1-9A4F-ECE2C3199527",
			"isa": "PBXBuildFile"
		},
		"B3B4FD0C-E826-44A1-A2ED-E98D42333878": {
			"fileRef": "7BBFD8C0-A95C-4E43-8B36-0FFFF345AAE7",
			"isa": "PBXBuildFile"
		},
		"BB4B014C10F69532006C3DED": {
			"children": [
				"2BC5849C-D59E-4050-A320-28C17CD6FFE7"
			],
			"isa": "PBXGroup",
			"name": "addons",
			"path": "../../../addons",
			"sourceTree": "SOURCE_ROOT"
		},
		"BF7A557D-8ADE-4944-AA59-D85727121157": {
			"fileEncoding": "4",
			"isa": "PBXFileReference",
			"lastKnownFileType": "sourcecode.cpp.h",
			"name": "ofxSyphonNSObject.hpp",
			"sourceTree": "<group>"
		},
		"D1D47D4E-47EB-4DB1-9A4F-ECE2C3199527": {
			"fileEncoding": "4",
			"isa": "PBXFileReference",
			"lastKnownFileType": "sourcecode.cpp.objcpp",
			"name": "ofxSyphonClient.mm",
			"sourceTree": "<group>"
		},
		"D8B2CF2C-8FE4-4C9F-AE98-A8A2452B9104": {
			"fileEncoding": "4",
			"isa": "PBXFileReference",
			"lastKnownFileType": "sourcecode.cpp.h",
			"name": "ofxSyphonServer.h",
			"sourceTree": "<group>"
		},
		"E42962A92163ECCD00A6A9E2": {
			"alwaysOutOfDate": "1",
			"buildActionMask": "2147483647",
			"files": [],
			"inputPaths": [],
			"isa": "PBXShellScriptBuildPhase",
			"name": "Run Script — Compile OF",
			"outputPaths": [],
			"runOnlyForDeploymentPostprocessing": "0",
			"shellPath": "/bin/sh",
			"shellScript": "$OF_CORE_BUILD_COMMAND\n",
			"showEnvVarsInLog": "0"
		},
		"E4A5B60F29BAAAE400C2D356": {
			"buildActionMask": "2147483647",
			"dstPath": "",
			"dstSubfolderSpec": "6",
			"files": [],
			"isa": "PBXCopyFilesBuildPhase",
			"runOnlyForDeploymentPostprocessing": "0"
		},
		"E4B69B4A0A3A1720003C02F2": {
			"children": [
				"191CD6FA2847E21E0085CBB6",
				"E4B6FCAD0C3E899E008CF71C",
				"E4EB6923138AFD0F00A09F29",
				"E4B69E1C0A3A1BDC003C02F2",
				"191EF70929D778A400F35F26",
				"BB4B014C10F69532006C3DED",
				"E4B69B5B0A3A1756003C02F2",
				"A2DA8133-C194-4596-8CB4-0578F4C4CB91"
			],
			"isa": "PBXGroup",
			"sourceTree": "<group>"
		},
		"E4B69B4C0A3A1720003C02F2": {
			"attributes": {
				"BuildIndependentTargetsInParallel": "YES",
				"LastUpgradeCheck": "1540"
			},
			"buildConfigurationList": "E4B69B4D0A3A1720003C02F2",
			"compatibilityVersion": "Xcode 3.2",
			"developmentRegion": "en",
			"hasScannedForEncodings": "0",
			"isa": "PBXProject",
			"knownRegions": [
				"en",
				"Base"
			],
			"mainGroup": "E4B69B4A0A3A1720003C02F2",
			"productRefGroup": "E4B69B4A0A3A1720003C02F2",
			"projectDirPath": "",
			"projectRoot": "",
			"targets": [
				"E4B69B5A0A3A1756003C02F2"
			]
		},
		"E4B69B4D0A3A1720003C02F2": {
			"buildConfigurations": [
				"E4B69B4E0A3A1720003C02F2",
				"E4B69B4F0A3A1720003C02F2"
			],
			"defaultConfigurationIsVisible": "0",
			"defaultConfigurationName": "Release",
			"isa": "XCConfigurationList"
		},
		"E4B69B4E0A3A1720003C02F2": {
			"baseConfigurationReference": "E4EB6923138AFD0F00A09F29",
			"buildSettings": {
				"CODE_SIGN_ENTITLEMENTS": "of.entitlements",
				"COPY_PHASE_STRIP": "NO",
				"ENABLE_TESTABILITY": "YES",
				"GCC_OPTIMIZATION_LEVEL": "0",
				"GCC_WARN_UNUSED_VARIABLE": "NO",
				"HEADER_SEARCH_PATHS": [
					"$(OF_CORE_HEADERS)",
					"src"
				],
				"OTHER_CPLUSPLUSFLAGS": "-D__MACOSX_CORE__"
			},
			"isa": "XCBuildConfiguration",
			"name": "Debug"
		},
		"E4B69B4F0A3A1720003C02F2": {
			"baseConfigurationReference": "E4EB6923138AFD0F00A09F29",
			"buildSettings": {
				"CODE_SIGN_ENTITLEMENTS": "of.entitlements",
				"COPY_PHASE_STRIP": "YES",
				"GCC_OPTIMIZATION_LEVEL": "3",
				"GCC_UNROLL_LOOPS": "YES",
				"HEADER_SEARCH_PATHS": [
					"$(OF_CORE_HEADERS)",
					"src"
				],
				"OTHER_CPLUSPLUSFLAGS": "-D__MACOSX_CORE__"
			},
			"isa": "XCBuildConfiguration",
			"name": "Release"
		},
		"E4B69B580A3A1756003C02F2": {
			"buildActionMask": "2147483647",
			"files": [
				"E4B69E200A3A1BDC003C02F2",
				"E4B69E210A3A1BDC003C02F2",
				"0F443E0B-FC8B-4476-921E-529A27A5D738",
				"ADBCAE94-3E68-43FF-BDC8-0A6B11AB8F3C",
				"F31B5792-B644-46AD-9D84-12D3F5FD754F",
				"B3B4FD0C-E826-44A1-A2ED-E98D42333878",
				"FFD2A0DE-7E7E-467F-9638-6FA533E143AF"
			],
			"isa": "PBXSourcesBuildPhase",
			"runOnlyForDeploymentPostprocessing": "0"
		},
		"E4B69B590A3A1756003C02F2": {
			"buildActionMask": "2147483647",
			"files": [
				"14ED898D-6B0F-4BDF-86DB-B92CBBDD88AA"
			],
			"isa": "PBXFrameworksBuildPhase",
			"runOnlyForDeploymentPostprocessing": "0"
		},
		"E4B69B5A0A3A1756003C02F2": {
			"buildConfigurationList": "E4B69B5F0A3A1757003C02F2",
			"buildPhases": [
				"E42962A92163ECCD00A6A9E2",
				"E4B69B580A3A1756003C02F2",
				"E4B69B590A3A1756003C02F2",
				"E4C2427710CC5ABF004149E2",
				"E4A5B60F29BAAAE400C2D356",
				"19B789C429E5AB4A0082E9B8"
			],
			"buildRules": [],
			"dependencies": [],
			"isa": "PBXNativeTarget",
			"name": "example-Basic",
			"productName": "myOFApp",
			"productReference": "E4B69B5B0A3A1756003C02F2",
			"productType": "com.apple.product-type.application"
		},
		"E4B69B5B0A3A1756003C02F2": {
			"explicitFileType": "wrapper.application",
			"includeInIndex": "0",
			"isa": "PBXFileReference",
			"path": "example-BasicDebug.app",
			"sourceTree": "BUILT_PRODUCTS_DIR"
		},
		"E4B69B5F0A3A1757003C02F2": {
			"buildConfigurations": [
				"E4B69B600A3A1757003C02F2",
				"E4B69B610A3A1757003C02F2"
			],
			"defaultConfigurationIsVisible": "0",
			"defaultConfigurationName": "Release",
			"isa": "XCConfigurationList"
		},
		"E4B69B600A3A1757003C02F2": {
			"baseConfigurationReference": "E4EB6923138AFD0F00A09F29",
			"buildSettings": {
				"ARCHS": "$(ARCHS_STANDARD)",
				"COPY_PHASE_STRIP": "NO",
				"FRAMEWORK_SEARCH_PATHS": [
					"$(inherited)",
					"../libs/Syphon/lib/osx"
				],
				"GCC_DYNAMIC_NO_PIC": "NO",
				"HEADER_SEARCH_PATHS": [
					"$(OF_CORE_HEADERS)",
					"src",
					"src",
					"../libs",
					"../libs/Syphon",
					"../libs/Syphon/lib",
					"../libs/Syphon/lib/osx",
					"../libs/Syphon/lib/osx/Syphon.framework",
					"../libs/Syphon/lib/osx/Syphon.framework/Versions",
					"../libs/Syphon/lib/osx/Syphon.framework/Versions/A",
					"../libs/Syphon/lib/osx/Syphon.framework/Versions/A",
					"../libs/Syphon/lib/osx/Syphon.framework/Versions/A/Headers",
					"../libs/Syphon/lib/osx/Syphon.framework/Versions/A/Headers",
					"../libs/Syphon/lib/osx/Syphon.framework/Versions/A/Headers",
					"../libs/Syphon/lib/osx/Syphon.framework/Versions/A/Modules",
					"../libs/Syphon/lib/osx/Syphon.framework/Versions/A/Modules",
					"../libs/Syphon/lib/osx/Syphon.framework/Versions/A/Modules",
					"../libs/Syphon/lib/osx/Syphon.framework/Versions/A/Resources",
					"../libs/Syphon/lib/osx/Syphon.framework/Versions/A/Resources",
					"../libs/Syphon/lib/osx/Syphon.framework/Versions/A/Resources",
					"../libs/Syphon/lib/osx/Syphon.framework/Versions/A/Resources/en.lproj",
					"../libs/Syphon/lib/osx/Syphon.framework/Versions/A/Resources/en.lproj",
					"../libs/Syphon/lib/osx/Syphon.framework/Versions/A/Resources/en.lproj",
					"../libs/Syphon/lib/osx/Syphon.framework/Versions/A/_CodeSignature",
					"../libs/Syphon/lib/osx/Syphon.framework/Versions/A/_CodeSignature",
					"../libs/Syphon/src",
					"../src"
				],
				"LIBRARY_SEARCH_PATHS": "$(inherited)",
				"OTHER_CFLAGS": [
					"-F../../../addons/ofxSyphon/libs/Syphon/lib/osx/"
				],
				"OTHER_LDFLAGS": [
					"$(OF_CORE_LIBS)",
					"$(OF_CORE_FRAMEWORKS)",
					"$(LIB_OF_DEBUG)",
					"-F../../../addons/ofxSyphon/libs/Syphon/lib/osx/",
					"-framework",
					"Syphon"
				]
			},
			"isa": "XCBuildConfiguration",
			"name": "Debug"
		},
		"E4B69B610A3A1757003C02F2": {
			"baseConfigurationReference": "E4EB6923138AFD0F00A09F29",
			"buildSettings": {
				"ARCHS": "$(ARCHS_STANDARD)",
				"COPY_PHASE_STRIP": "YES",
				"FRAMEWORK_SEARCH_PATHS": [
					"$(inherited)",
					"../libs/Syphon/lib/osx"
				],
				"HEADER_SEARCH_PATHS": [
					"$(OF_CORE_HEADERS)",
					"src",
					"src",
					"../libs",
					"../libs/Syphon",
					"../libs/Syphon/lib",
					"../libs/Syphon/lib/osx",
					"../libs/Syphon/lib/osx/Syphon.framework",
					"../libs/Syphon/lib/osx/Syphon.framework/Versions",
					"../libs/Syphon/lib/osx/Syphon.framework/Versions/A",
					"../libs/Syphon/lib/osx/Syphon.framework/Versions/A",
					"../libs/Syphon/lib/osx/Syphon.framework/Versions/A/Headers",
					"../libs/Syphon/lib/osx/Syphon.framework/Versions/A/Headers",
					"../libs/Syphon/lib/osx/Syphon.framework/Versions/A/Headers",
					"../libs/Syphon/lib/osx/Syphon.framework/Versions/A/Modules",
					"../libs/Syphon/lib/osx/Syphon.framework/Versions/A/Modules",
					"../libs/Syphon/lib/osx/Syphon.framework/Versions/A/Modules",
					"../libs/Syphon/lib/osx/Syphon.framework/Versions/A/Resources",
					"../libs/Syphon/lib/osx/Syphon.framework/Versions/A/Resources",
					"../libs/Syphon/lib/osx/Syphon.framework/Versions/A/Resources",
					"../libs/Syphon/lib/osx/Syphon.framework/Versions/A/Resources/en.lproj",
					"../libs/Syphon/lib/osx/Syphon.framework/Versions/A/Resources/en.lproj",
					"../libs/Syphon/lib/osx/Syphon.framework/Versions/A/Resources/en.lproj",
					"../libs/Syphon/lib/osx/Syphon.framework/Versions/A/_CodeSignature",
					"../libs/Syphon/lib/osx/Syphon.framework/Versions/A/_CodeSignature",
					"../libs/Syphon/src",
					"../src"
				],
				"LIBRARY_SEARCH_PATHS": "$(inherited)",
				"OTHER_CFLAGS": [
					"-F../../../addons/ofxSyphon/libs/Syphon/lib/osx/"
				],
				"OTHER_LDFLAGS": [
					"$(OF_CORE_LIBS)",
					"$(OF_CORE_FRAMEWORKS)",
					"$(LIB_OF_RELEASE)",
					"-F../../../addons/ofxSyphon/libs/Syphon/lib/osx/",
					"-framework",
					"Syphon"
				],
				"baseConfigurationReference": "E4EB6923138AFD0F00A09F29"
			},
			"isa": "XCBuildConfiguration",
			"name": "Release"
		},
		"E4B69E1C0A3A1BDC003C02F2": {
			"children": [
				"E4B69E1D0A3A1BDC003C02F2",
				"E4B69E1E0A3A1BDC003C02F2",
				"E4B69E1F0A3A1BDC003C02F2"
			],
			"isa": "PBXGroup",
			"path": "src",
			"sourceTree": "SOURCE_ROOT"
		},
		"E4B69E1D0A3A1BDC003C02F2": {
			"fileEncoding": "4",
			"isa": "PBXFileReference",
			"lastKnownFileType": "sourcecode.cpp.cpp",
			"name": "main.cpp",
			"path": "src/main.cpp",
			"sourceTree": "SOURCE_ROOT"
		},
		"E4B69E1E0A3A1BDC003C02F2": {
			"explicitFileType": "sourcecode.cpp.cpp",
			"fileEncoding": "4",
			"isa": "PBXFileReference",
			"name": "ofApp.cpp",
			"path": "src/ofApp.cpp",
			"sourceTree": "SOURCE_ROOT"
		},
		"E4B69E1F0A3A1BDC003C02F2": {
			"fileEncoding": "4",
			"isa": "PBXFileReference",
			"lastKnownFileType": "sourcecode.c.h",
			"name": "ofApp.h",
			"path": "src/ofApp.h",
			"sourceTree": "SOURCE_ROOT"
		},
		"E4B69E200A3A1BDC003C02F2": {
			"fileRef": "E4B69E1D0A3A1BDC003C02F2",
			"isa": "PBXBuildFile"
		},
		"E4B69E210A3A1BDC003C02F2": {
			"fileRef": "E4B69E1E0A3A1BDC003C02F2",
			"isa": "PBXBuildFile"
		},
		"E4B6FCAD0C3E899E008CF71C": {
			"fileEncoding": "4",
			"isa": "PBXFileReference",
			"lastKnownFileType": "text.plist.xml",
			"path": "openFrameworks-Info.plist",
			"sourceTree": "<group>"
		},
		"E4C2427710CC5ABF004149E2": {
			"buildActionMask": "2147483647",
			"dstPath": "",
			"dstSubfolderSpec": "10",
			"files": [
				"0C96E1C2-0703-4280-A43F-8F211DEEF815"
			],
			"isa": "PBXCopyFilesBuildPhase",
			"runOnlyForDeploymentPostprocessing": "0"
		},
		"E4EB6923138AFD0F00A09F29": {
			"fileEncoding": "4",
			"isa": "PBXFileReference",
			"lastKnownFileType": "text.xcconfig",
			"path": "Project.xcconfig",
			"sourceTree": "<group>"
		},
		"EC15D3AB-1119-4FE6-BC5F-B0AC914C8995": {
			"fileEncoding": "4",
			"isa": "PBXFileReference",
			"lastKnownFileType": "sourcecode.cpp.objcpp",
			"name": "ofxSyphonNSObject.mm",
			"sourceTree": "<group>"
		},
		"F31B5792-B644-46AD-9D84-12D3F5FD754F": {
			"fileRef": "EC15D3AB-1119-4FE6-BC5F-B0AC914C8995",
			"isa": "PBXBuildFile"
		},
		"FFD2A0DE-7E7E-467F-9638-6FA533E143AF": {
			"fileRef": "91ECC1BD-2158-4DEF-836B-DB23D9683FD4",
			"isa": "PBXBuildFile"
		}
	},
	"rootObject": "E4B69B4C0A3A1720003C02F2"
}