{
	"archiveVersion": "1",
	"classes": {},
	"objectVersion": "54",
	"objects": {
		"02EA3D32-2A04-4939-AB61-74F3E138F6FA": {
			"explicitFileType": "sourcecode.c.h",
			"fileEncoding": "4",
			"isa": "PBXFileReference",
			"name": "SyphonNameboundClient.h",
			"path": "../../../addons/ofxSyphon/libs/Syphon/src/SyphonNameboundClient.h",
			"sourceTree": "SOURCE_ROOT"
		},
		"06108C54-1C43-45E2-90A3-8A8A440F164B": {
			"explicitFileType": "sourcecode.cpp.objcpp",
			"fileEncoding": "4",
			"isa": "PBXFileReference",
			"name": "ofxSyphonServerDirectory.mm",
			"path": "../../../addons/ofxSyphon/src/ofxSyphonServerDirectory.mm",
			"sourceTree": "SOURCE_ROOT"
		},
		"1185D9A7-6FB8-411D-9964-DBAE6DBD9A89": {
			"fileRef": "8716BCCF-6851-4EB2-8088-345B3C505D55",
			"isa": "PBXBuildFile",
			"settings": {
				"ATTRIBUTES": [
					"CodeSignOnCopy"
				]
			}
		},
		"191CD6FA2847E21E0085CBB6": {
			"fileEncoding": "4",
			"isa": "PBXFileReference",
			"lastKnownFileType": "text.plist.entitlements",
			"path": "of.entitlements",
			"sourceTree": "<group>"
		},
		"191EF70929D778A400F35F26": {
			"isa": "PBXFileReference",
			"lastKnownFileType": "folder",
			"name": "openFrameworks",
			"path": "../../../libs/openFrameworks",
			"sourceTree": "SOURCE_ROOT"
		},
		"19B789C429E5AB4A0082E9B8": {
			"buildActionMask": "2147483647",
			"files": [],
			"inputFileListPaths": [],
			"inputPaths": [],
			"isa": "PBXShellScriptBuildPhase",
			"outputFileListPaths": [],
			"outputPaths": [],
			"runOnlyForDeploymentPostprocessing": "0",
			"shellPath": "/bin/sh",
			"shellScript": "\"$OF_PATH/scripts/osx/xcode_project.sh\"\n",
			"showEnvVarsInLog": "0"
		},
		"2EC8C8C8-14B6-4C2A-AFE3-684C638DB5C2": {
			"explicitFileType": "sourcecode.cpp.objcpp",
			"fileEncoding": "4",
			"isa": "PBXFileReference",
			"name": "ofxSyphonServer.mm",
			"path": "../../../addons/ofxSyphon/src/ofxSyphonServer.mm",
			"sourceTree": "SOURCE_ROOT"
		},
		"3941452F-EB9E-4813-B732-036C4161027C": {
			"fileRef": "8716BCCF-6851-4EB2-8088-345B3C505D55",
			"isa": "PBXBuildFile",
			"settings": {
				"ATTRIBUTES": [
					"CodeSignOnCopy"
				]
			}
		},
		"4118CAD6-9DDD-43BF-BD52-C41EC0F92A3C": {
			"explicitFileType": "sourcecode.cpp.objcpp",
			"fileEncoding": "4",
			"isa": "PBXFileReference",
			"name": "ofxSyphonNSObject.mm",
			"path": "../../../addons/ofxSyphon/src/ofxSyphonNSObject.mm",
			"sourceTree": "SOURCE_ROOT"
		},
		"436A4FB6-8CFF-4DF4-8C2F-9C1996198B03": {
			"children": [
				"503C0284-DE3A-416D-B89B-2957F67FA706",
				"63F541B8-8083-4FAC-80AC-04E7A3045711",
				"FADF1BF7-5D6B-43F0-B260-2D2198EBFDA6",
				"BB23C616-3CB1-4EE1-BC00-27D513BE7C98",
				"4118CAD6-9DDD-43BF-BD52-C41EC0F92A3C",
				"BADF0FF6-FB78-440F-831E-2D6258206D84",
				"2EC8C8C8-14B6-4C2A-AFE3-684C638DB5C2",
				"B0744143-660B-44F7-97B1-D6B6D0FDB3C6",
				"06108C54-1C43-45E2-90A3-8A8A440F164B"
			],
			"isa": "PBXGroup",
			"name": "src",
			"path": "../../../addons/ofxSyphon/src",
			"sourceTree": "SOURCE_ROOT"
		},
		"48FE4B29-D892-4F59-8605-09C51AA41248": {
			"fileRef": "8716BCCF-6851-4EB2-8088-345B3C505D55",
			"isa": "PBXBuildFile"
		},
		"503C0284-DE3A-416D-B89B-2957F67FA706": {
			"explicitFileType": "sourcecode.c.h",
			"fileEncoding": "4",
			"isa": "PBXFileReference",
			"name": "ofxSyphon.h",
			"path": "../../../addons/ofxSyphon/src/ofxSyphon.h",
			"sourceTree": "SOURCE_ROOT"
		},
		"57870805-6972-4B13-BF72-A730CE2FD549": {
			"children": [
				"8716BCCF-6851-4EB2-8088-345B3C505D55"
			],
			"isa": "PBXGroup",
			"name": "osx",
			"sourceTree": "SOURCE_ROOT"
		},
		"63F541B8-8083-4FAC-80AC-04E7A3045711": {
			"explicitFileType": "sourcecode.c.h",
			"fileEncoding": "4",
			"isa": "PBXFileReference",
			"name": "ofxSyphonClient.h",
			"path": "../../../addons/ofxSyphon/src/ofxSyphonClient.h",
			"sourceTree": "SOURCE_ROOT"
		},
		"69B9A8B3-3DFE-4F25-A54B-DDD76AE7AC7A": {
			"fileRef": "2EC8C8C8-14B6-4C2A-AFE3-684C638DB5C2",
			"isa": "PBXBuildFile"
		},
		"82445384-3199-4883-8755-0AEB3C06EADA": {
			"children": [
				"F515C409-7C35-49CB-AEC0-DB580F0C9777"
			],
			"isa": "PBXGroup",
			"name": "libs",
			"path": "../../../addons/ofxSyphon/libs",
			"sourceTree": "SOURCE_ROOT"
		},
		"843A15BC-5419-42E8-8361-21A572512E1D": {
			"fileRef": "06108C54-1C43-45E2-90A3-8A8A440F164B",
			"isa": "PBXBuildFile"
		},
		"8716BCCF-6851-4EB2-8088-345B3C505D55": {
			"isa": "PBXFileReference",
			"lastKnownFileType": "wrapper.framework",
			"name": "Syphon.framework",
			"path": "../../../addons/ofxSyphon/libs/Syphon/lib/osx/Syphon.framework",
			"sourceTree": "SOURCE_ROOT"
		},
		"8DCDC530-8942-47A9-BAB5-6643C8489AED": {
			"fileRef": "D50AC01C-7359-4601-AEB4-E42D35F47E79",
			"isa": "PBXBuildFile"
		},
		"9A3626E3-8C1D-47BD-AEC7-EEE6465A6EA0": {
			"children": [
				"02EA3D32-2A04-4939-AB61-74F3E138F6FA",
				"D50AC01C-7359-4601-AEB4-E42D35F47E79"
			],
			"isa": "PBXGroup",
			"name": "src",
			"path": "../../../addons/ofxSyphon/libs/Syphon/src",
			"sourceTree": "SOURCE_ROOT"
		},
		"9C840414-65AA-42BC-BBE5-592297B8249D": {
			"fileRef": "4118CAD6-9DDD-43BF-BD52-C41EC0F92A3C",
			"isa": "PBXBuildFile"
		},
		"B0744143-660B-44F7-97B1-D6B6D0FDB3C6": {
			"explicitFileType": "sourcecode.c.h",
			"fileEncoding": "4",
			"isa": "PBXFileReference",
			"name": "ofxSyphonServerDirectory.h",
			"path": "../../../addons/ofxSyphon/src/ofxSyphonServerDirectory.h",
			"sourceTree": "SOURCE_ROOT"
		},
		"B2C421F7-8FE3-44EE-9705-C9900E7674B4": {
			"children": [
				"57870805-6972-4B13-BF72-A730CE2FD549"
			],
			"isa": "PBXGroup",
			"name": "lib",
			"sourceTree": "SOURCE_ROOT"
		},
		"B9649A89-272F-4458-9DD6-4799591B257A": {
			"children": [
				"82445384-3199-4883-8755-0AEB3C06EADA",
				"436A4FB6-8CFF-4DF4-8C2F-9C1996198B03"
			],
			"isa": "PBXGroup",
			"name": "ofxSyphon",
			"path": "../../../addons/ofxSyphon",
			"sourceTree": "SOURCE_ROOT"
		},
		"BADF0FF6-FB78-440F-831E-2D6258206D84": {
			"explicitFileType": "sourcecode.c.h",
			"fileEncoding": "4",
			"isa": "PBXFileReference",
			"name": "ofxSyphonServer.h",
			"path": "../../../addons/ofxSyphon/src/ofxSyphonServer.h",
			"sourceTree": "SOURCE_ROOT"
		},
		"BB23C616-3CB1-4EE1-BC00-27D513BE7C98": {
			"explicitFileType": "sourcecode.c.h",
			"fileEncoding": "4",
			"isa": "PBXFileReference",
			"name": "ofxSyphonNSObject.hpp",
			"path": "../../../addons/ofxSyphon/src/ofxSyphonNSObject.hpp",
			"sourceTree": "SOURCE_ROOT"
		},
		"BB4B014C10F69532006C3DED": {
			"children": [
				"B9649A89-272F-4458-9DD6-4799591B257A"
			],
			"isa": "PBXGroup",
			"name": "addons",
			"path": "../../../addons",
			"sourceTree": "<group>"
		},
		"D50AC01C-7359-4601-AEB4-E42D35F47E79": {
			"explicitFileType": "sourcecode.cpp.objcpp",
			"fileEncoding": "4",
			"isa": "PBXFileReference",
			"name": "SyphonNameboundClient.m",
			"path": "../../../addons/ofxSyphon/libs/Syphon/src/SyphonNameboundClient.m",
			"sourceTree": "SOURCE_ROOT"
		},
		"E42962A92163ECCD00A6A9E2": {
			"alwaysOutOfDate": "1",
			"buildActionMask": "2147483647",
			"files": [],
			"inputPaths": [],
			"isa": "PBXShellScriptBuildPhase",
			"name": "Run Script — Compile OF",
			"outputPaths": [],
			"runOnlyForDeploymentPostprocessing": "0",
			"shellPath": "/bin/sh",
			"shellScript": "echo \"💾 Compiling Openframeworks\"\nxcodebuild -project \"$OF_PATH/libs/openFrameworksCompiled/project/osx/openFrameworksLib.xcodeproj\" -target openFrameworks -configuration \"${CONFIGURATION}\"  CLANG_CXX_LANGUAGE_STANDARD=$CLANG_CXX_LANGUAGE_STANDARD MACOSX_DEPLOYMENT_TARGET=$MACOSX_DEPLOYMENT_TARGET GCC_PREPROCESSOR_DEFINITIONS=$USER_PREPROCESSOR_DEFINITIONS\n",
			"showEnvVarsInLog": "0"
		},
		"E4A5B60F29BAAAE400C2D356": {
			"buildActionMask": "2147483647",
			"dstPath": "",
			"dstSubfolderSpec": "6",
			"files": [],
			"isa": "PBXCopyFilesBuildPhase",
			"runOnlyForDeploymentPostprocessing": "0"
		},
		"E4B69B4A0A3A1720003C02F2": {
			"children": [
				"191CD6FA2847E21E0085CBB6",
				"E4B6FCAD0C3E899E008CF71C",
				"E4EB6923138AFD0F00A09F29",
				"E4B69E1C0A3A1BDC003C02F2",
				"191EF70929D778A400F35F26",
				"BB4B014C10F69532006C3DED",
				"E4B69B5B0A3A1756003C02F2"
			],
			"isa": "PBXGroup",
			"sourceTree": "<group>"
		},
		"E4B69B4C0A3A1720003C02F2": {
			"attributes": {
				"LastUpgradeCheck": "0600"
			},
			"buildConfigurationList": "E4B69B4D0A3A1720003C02F2",
			"compatibilityVersion": "Xcode 3.2",
			"developmentRegion": "en",
			"hasScannedForEncodings": "0",
			"isa": "PBXProject",
			"knownRegions": [
				"en",
				"Base"
			],
			"mainGroup": "E4B69B4A0A3A1720003C02F2",
			"productRefGroup": "E4B69B4A0A3A1720003C02F2",
			"projectDirPath": "",
			"projectRoot": "",
			"targets": [
				"E4B69B5A0A3A1756003C02F2"
			]
		},
		"E4B69B4D0A3A1720003C02F2": {
			"buildConfigurations": [
				"E4B69B4E0A3A1720003C02F2",
				"E4B69B4F0A3A1720003C02F2"
			],
			"defaultConfigurationIsVisible": "0",
			"defaultConfigurationName": "Release",
			"isa": "XCConfigurationList"
		},
		"E4B69B4E0A3A1720003C02F2": {
			"baseConfigurationReference": "E4EB6923138AFD0F00A09F29",
			"buildSettings": {
				"CODE_SIGN_ENTITLEMENTS": "of.entitlements",
				"COPY_PHASE_STRIP": "NO",
				"ENABLE_TESTABILITY": "YES",
				"GCC_OPTIMIZATION_LEVEL": "0",
				"GCC_WARN_UNUSED_VARIABLE": "NO",
				"HEADER_SEARCH_PATHS": [
					"$(OF_CORE_HEADERS)",
					"src"
				],
				"OTHER_CPLUSPLUSFLAGS": "-D__MACOSX_CORE__"
			},
			"isa": "XCBuildConfiguration",
			"name": "Debug"
		},
		"E4B69B4F0A3A1720003C02F2": {
			"baseConfigurationReference": "E4EB6923138AFD0F00A09F29",
			"buildSettings": {
				"CODE_SIGN_ENTITLEMENTS": "of.entitlements",
				"COPY_PHASE_STRIP": "YES",
				"GCC_OPTIMIZATION_LEVEL": "3",
				"GCC_UNROLL_LOOPS": "YES",
				"HEADER_SEARCH_PATHS": [
					"$(OF_CORE_HEADERS)",
					"src"
				],
				"OTHER_CPLUSPLUSFLAGS": "-D__MACOSX_CORE__"
			},
			"isa": "XCBuildConfiguration",
			"name": "Release"
		},
		"E4B69B580A3A1756003C02F2": {
			"buildActionMask": "2147483647",
			"files": [
				"E4B69E200A3A1BDC003C02F2",
				"E4B69E210A3A1BDC003C02F2",
				"8DCDC530-8942-47A9-BAB5-6643C8489AED",
				"FCC37CC3-43C4-46D6-9379-2B64E8BF7D5D",
				"9C840414-65AA-42BC-BBE5-592297B8249D",
				"69B9A8B3-3DFE-4F25-A54B-DDD76AE7AC7A",
				"843A15BC-5419-42E8-8361-21A572512E1D"
			],
			"isa": "PBXSourcesBuildPhase",
			"runOnlyForDeploymentPostprocessing": "0"
		},
		"E4B69B590A3A1756003C02F2": {
			"buildActionMask": "2147483647",
			"files": [
				"48FE4B29-D892-4F59-8605-09C51AA41248"
			],
			"isa": "PBXFrameworksBuildPhase",
			"runOnlyForDeploymentPostprocessing": "0"
		},
		"E4B69B5A0A3A1756003C02F2": {
			"buildConfigurationList": "E4B69B5F0A3A1757003C02F2",
			"buildPhases": [
				"E42962A92163ECCD00A6A9E2",
				"E4B69B580A3A1756003C02F2",
				"E4B69B590A3A1756003C02F2",
				"E4C2427710CC5ABF004149E2",
				"E4A5B60F29BAAAE400C2D356",
				"19B789C429E5AB4A0082E9B8"
			],
			"buildRules": [],
			"dependencies": [],
			"isa": "PBXNativeTarget",
			"name": "example-Basic",
			"productName": "myOFApp",
			"productReference": "E4B69B5B0A3A1756003C02F2",
			"productType": "com.apple.product-type.application"
		},
		"E4B69B5B0A3A1756003C02F2": {
			"explicitFileType": "wrapper.application",
			"includeInIndex": "0",
			"isa": "PBXFileReference",
			"path": "example-BasicDebug.app",
			"sourceTree": "BUILT_PRODUCTS_DIR"
		},
		"E4B69B5F0A3A1757003C02F2": {
			"buildConfigurations": [
				"E4B69B600A3A1757003C02F2",
				"E4B69B610A3A1757003C02F2"
			],
			"defaultConfigurationIsVisible": "0",
			"defaultConfigurationName": "Release",
			"isa": "XCConfigurationList"
		},
		"E4B69B600A3A1757003C02F2": {
			"baseConfigurationReference": "E4EB6923138AFD0F00A09F29",
			"buildSettings": {
				"ARCHS": "$(ARCHS_STANDARD)",
				"COPY_PHASE_STRIP": "NO",
				"FRAMEWORK_SEARCH_PATHS": [
					"$(inherited)",
					"../../../addons/ofxSyphon/libs/Syphon/lib/osx"
				],
				"GCC_DYNAMIC_NO_PIC": "NO",
				"HEADER_SEARCH_PATHS": [
					"$(OF_CORE_HEADERS)",
					"src",
					"src",
					"../../../addons/ofxSyphon/libs",
					"../../../addons/ofxSyphon/libs/Syphon",
					"../../../addons/ofxSyphon/libs/Syphon/lib",
					"../../../addons/ofxSyphon/libs/Syphon/lib/osx",
					"../../../addons/ofxSyphon/libs/Syphon/src",
					"../../../addons/ofxSyphon/src"
				],
				"LIBRARY_SEARCH_PATHS": "$(inherited)",
				"OTHER_CFLAGS": [
					"-F../../../addons/ofxSyphon/libs/Syphon/lib/osx/"
				],
				"OTHER_LDFLAGS": [
					"$(OF_CORE_LIBS)",
					"$(OF_CORE_FRAMEWORKS)",
					"$(LIB_OF_DEBUG)",
					"-F../../../addons/ofxSyphon/libs/Syphon/lib/osx/",
					"-framework",
					"Syphon"
				]
			},
			"isa": "XCBuildConfiguration",
			"name": "Debug"
		},
		"E4B69B610A3A1757003C02F2": {
			"baseConfigurationReference": "E4EB6923138AFD0F00A09F29",
			"buildSettings": {
				"ARCHS": "$(ARCHS_STANDARD)",
				"COPY_PHASE_STRIP": "YES",
				"FRAMEWORK_SEARCH_PATHS": [
					"$(inherited)",
					"../../../addons/ofxSyphon/libs/Syphon/lib/osx"
				],
				"HEADER_SEARCH_PATHS": [
					"$(OF_CORE_HEADERS)",
					"src",
					"src",
					"../../../addons/ofxSyphon/libs",
					"../../../addons/ofxSyphon/libs/Syphon",
					"../../../addons/ofxSyphon/libs/Syphon/lib",
					"../../../addons/ofxSyphon/libs/Syphon/lib/osx",
					"../../../addons/ofxSyphon/libs/Syphon/src",
					"../../../addons/ofxSyphon/src"
				],
				"LIBRARY_SEARCH_PATHS": "$(inherited)",
				"OTHER_CFLAGS": [
					"-F../../../addons/ofxSyphon/libs/Syphon/lib/osx/"
				],
				"OTHER_LDFLAGS": [
					"$(OF_CORE_LIBS)",
					"$(OF_CORE_FRAMEWORKS)",
					"$(LIB_OF)",
					"-F../../../addons/ofxSyphon/libs/Syphon/lib/osx/",
					"-framework",
					"Syphon"
				],
				"baseConfigurationReference": "E4EB6923138AFD0F00A09F29"
			},
			"isa": "XCBuildConfiguration",
			"name": "Release"
		},
		"E4B69E1C0A3A1BDC003C02F2": {
			"children": [
				"E4B69E1D0A3A1BDC003C02F2",
				"E4B69E1E0A3A1BDC003C02F2",
				"E4B69E1F0A3A1BDC003C02F2"
			],
			"isa": "PBXGroup",
			"path": "src",
			"sourceTree": "SOURCE_ROOT"
		},
		"E4B69E1D0A3A1BDC003C02F2": {
			"fileEncoding": "4",
			"isa": "PBXFileReference",
			"lastKnownFileType": "sourcecode.cpp.cpp",
			"name": "main.cpp",
			"path": "src/main.cpp",
			"sourceTree": "SOURCE_ROOT"
		},
		"E4B69E1E0A3A1BDC003C02F2": {
			"explicitFileType": "sourcecode.cpp.cpp",
			"fileEncoding": "4",
			"isa": "PBXFileReference",
			"name": "ofApp.cpp",
			"path": "src/ofApp.cpp",
			"sourceTree": "SOURCE_ROOT"
		},
		"E4B69E1F0A3A1BDC003C02F2": {
			"fileEncoding": "4",
			"isa": "PBXFileReference",
			"lastKnownFileType": "sourcecode.c.h",
			"name": "ofApp.h",
			"path": "src/ofApp.h",
			"sourceTree": "SOURCE_ROOT"
		},
		"E4B69E200A3A1BDC003C02F2": {
			"fileRef": "E4B69E1D0A3A1BDC003C02F2",
			"isa": "PBXBuildFile"
		},
		"E4B69E210A3A1BDC003C02F2": {
			"fileRef": "E4B69E1E0A3A1BDC003C02F2",
			"isa": "PBXBuildFile"
		},
		"E4B6FCAD0C3E899E008CF71C": {
			"fileEncoding": "4",
			"isa": "PBXFileReference",
			"lastKnownFileType": "text.plist.xml",
			"path": "openFrameworks-Info.plist",
			"sourceTree": "<group>"
		},
		"E4C2427710CC5ABF004149E2": {
			"buildActionMask": "2147483647",
			"dstPath": "",
			"dstSubfolderSpec": "10",
			"files": [
				"1185D9A7-6FB8-411D-9964-DBAE6DBD9A89"
			],
			"isa": "PBXCopyFilesBuildPhase",
			"runOnlyForDeploymentPostprocessing": "0"
		},
		"E4EB6923138AFD0F00A09F29": {
			"fileEncoding": "4",
			"isa": "PBXFileReference",
			"lastKnownFileType": "text.xcconfig",
			"path": "Project.xcconfig",
			"sourceTree": "<group>"
		},
		"F515C409-7C35-49CB-AEC0-DB580F0C9777": {
			"children": [
				"9A3626E3-8C1D-47BD-AEC7-EEE6465A6EA0",
				"B2C421F7-8FE3-44EE-9705-C9900E7674B4"
			],
			"isa": "PBXGroup",
			"name": "Syphon",
			"path": "../../../addons/ofxSyphon/libs/Syphon",
			"sourceTree": "SOURCE_ROOT"
		},
		"FADF1BF7-5D6B-43F0-B260-2D2198EBFDA6": {
			"explicitFileType": "sourcecode.cpp.objcpp",
			"fileEncoding": "4",
			"isa": "PBXFileReference",
			"name": "ofxSyphonClient.mm",
			"path": "../../../addons/ofxSyphon/src/ofxSyphonClient.mm",
			"sourceTree": "SOURCE_ROOT"
		},
		"FCC37CC3-43C4-46D6-9379-2B64E8BF7D5D": {
			"fileRef": "FADF1BF7-5D6B-43F0-B260-2D2198EBFDA6",
			"isa": "PBXBuildFile"
		}
	},
	"openFrameworksProjectGeneratorVersion": "21",
	"rootObject": "E4B69B4C0A3A1720003C02F2"
}